[[package]]
category = "main"
description = "An open-source NLP research library, built on PyTorch."
name = "allennlp"
optional = false
python-versions = ">=3.6.1"
version = "1.0.0rc3"

[package.dependencies]
boto3 = "*"
conllu = "2.3.2"
flaky = "*"
h5py = "*"
jsonnet = ">=0.10.0"
jsonpickle = "*"
nltk = "*"
numpy = "*"
overrides = "2.8.0"
pytest = "*"
requests = ">=2.18"
responses = ">=0.7"
scikit-learn = "*"
scipy = "*"
semantic-version = "*"
spacy = ">=2.1.0,<2.3"
tensorboardX = ">=1.2"
torch = ">1.3.1,<=1.5.0"
tqdm = ">=4.19"
transformers = ">=2.8.0,<2.9.0"

[package.dependencies.dataclasses]
python = "<3.7"
version = "*"

[[package]]
category = "main"
description = "Officially supported models for the AllenNLP framework"
name = "allennlp-models"
optional = false
python-versions = ">=3.6.1"
version = "1.0.0rc3"

[package.dependencies]
allennlp = "1.0.0rc3"
nltk = "*"
py-rouge = "1.1"
word2number = ">=1.1"

[[package]]
category = "main"
description = "Atomic file writes."
marker = "sys_platform == \"win32\""
name = "atomicwrites"
optional = false
python-versions = ">=2.7, !=3.0.*, !=3.1.*, !=3.2.*, !=3.3.*"
version = "1.4.0"

[[package]]
category = "main"
description = "Classes Without Boilerplate"
name = "attrs"
optional = false
python-versions = ">=2.7, !=3.0.*, !=3.1.*, !=3.2.*, !=3.3.*"
version = "19.3.0"

[[package]]
category = "main"
description = "The Blis BLAS-like linear algebra library, as a self-contained C-extension."
name = "blis"
optional = false
python-versions = "*"
version = "0.4.1"

[package.dependencies]
numpy = ">=1.15.0"

[[package]]
category = "main"
description = "The AWS SDK for Python"
name = "boto3"
optional = false
python-versions = "*"
version = "1.13.19"

[package.dependencies]
botocore = ">=1.16.19,<1.17.0"
jmespath = ">=0.7.1,<1.0.0"
s3transfer = ">=0.3.0,<0.4.0"

[[package]]
category = "main"
description = "Low-level, data-driven core of boto 3."
name = "botocore"
optional = false
python-versions = "*"
version = "1.16.19"

[package.dependencies]
docutils = ">=0.10,<0.16"
jmespath = ">=0.7.1,<1.0.0"
python-dateutil = ">=2.1,<3.0.0"

[package.dependencies.urllib3]
python = "<3.4.0 || >=3.5.0"
version = ">=1.20,<1.26"

[[package]]
category = "main"
description = "Super lightweight function registries for your library"
name = "catalogue"
optional = false
python-versions = "!=3.0.*,!=3.1.*,!=3.2.*,!=3.3.*,>=2.7"
version = "1.0.0"

[package.dependencies]
[package.dependencies.importlib-metadata]
python = "<3.8"
version = ">=0.20"

[[package]]
category = "main"
description = "Python package for providing Mozilla's CA Bundle."
name = "certifi"
optional = false
python-versions = "*"
version = "2020.4.5.1"

[[package]]
category = "main"
description = "Universal encoding detector for Python 2 and 3"
name = "chardet"
optional = false
python-versions = "*"
version = "3.0.4"

[[package]]
category = "main"
description = "Composable command line interface toolkit"
name = "click"
optional = false
python-versions = ">=2.7, !=3.0.*, !=3.1.*, !=3.2.*, !=3.3.*, !=3.4.*"
version = "7.1.2"

[[package]]
category = "main"
description = "Cross-platform colored terminal text."
marker = "sys_platform == \"win32\""
name = "colorama"
optional = false
python-versions = ">=2.7, !=3.0.*, !=3.1.*, !=3.2.*, !=3.3.*, !=3.4.*"
version = "0.4.3"

[[package]]
category = "main"
description = "CoNLL-U Parser parses a CoNLL-U formatted string into a nested python dictionary"
name = "conllu"
optional = false
python-versions = "*"
version = "2.3.2"

[[package]]
category = "main"
description = "Manage calls to calloc/free through Cython"
name = "cymem"
optional = false
python-versions = "*"
version = "2.0.3"

[[package]]
category = "main"
description = "A backport of the dataclasses module for Python 3.6"
marker = "python_version < \"3.7\""
name = "dataclasses"
optional = false
python-versions = "*"
version = "0.6"

[[package]]
category = "main"
description = "Docutils -- Python Documentation Utilities"
name = "docutils"
optional = false
python-versions = ">=2.6, !=3.0.*, !=3.1.*, !=3.2.*"
version = "0.15.2"

[[package]]
category = "main"
description = "A platform independent file lock."
name = "filelock"
optional = false
python-versions = "*"
version = "3.0.12"

[[package]]
category = "main"
description = "Plugin for nose or pytest that automatically reruns flaky tests."
name = "flaky"
optional = false
python-versions = ">=2.7, !=3.0.*, !=3.1.*, !=3.2.*, !=3.3.*"
version = "3.6.1"

[[package]]
category = "main"
description = "Read and write HDF5 files from Python"
name = "h5py"
optional = false
python-versions = "*"
version = "2.10.0"

[package.dependencies]
numpy = ">=1.7"
six = "*"

[[package]]
category = "main"
description = "Internationalized Domain Names in Applications (IDNA)"
name = "idna"
optional = false
python-versions = ">=2.7, !=3.0.*, !=3.1.*, !=3.2.*, !=3.3.*"
version = "2.9"

[[package]]
category = "main"
description = "Read metadata from Python packages"
name = "importlib-metadata"
optional = false
python-versions = "!=3.0.*,!=3.1.*,!=3.2.*,!=3.3.*,!=3.4.*,>=2.7"
version = "1.6.0"

[package.dependencies]
zipp = ">=0.5"

[[package]]
category = "main"
description = "JSON Matching Expressions"
name = "jmespath"
optional = false
python-versions = ">=2.6, !=3.0.*, !=3.1.*, !=3.2.*"
version = "0.10.0"

[[package]]
category = "main"
description = "Lightweight pipelining: using Python functions as pipeline jobs."
name = "joblib"
optional = false
python-versions = ">=3.6"
version = "0.15.1"

[[package]]
category = "main"
description = "Python bindings for Jsonnet - The data templating language"
marker = "sys_platform != \"win32\""
name = "jsonnet"
optional = false
python-versions = "*"
version = "0.16.0"

[[package]]
category = "main"
description = "Python library for serializing any arbitrary object graph into JSON"
name = "jsonpickle"
optional = false
python-versions = ">=2.7"
version = "1.4.1"

[package.dependencies]
importlib-metadata = "*"

[[package]]
category = "main"
description = "More routines for operating on iterables, beyond itertools"
name = "more-itertools"
optional = false
python-versions = ">=3.5"
version = "8.3.0"

[[package]]
category = "main"
description = "Cython bindings for MurmurHash"
name = "murmurhash"
optional = false
python-versions = "*"
version = "1.0.2"

[[package]]
category = "main"
description = "Natural Language Toolkit"
name = "nltk"
optional = false
python-versions = "*"
version = "3.5"

[package.dependencies]
click = "*"
joblib = "*"
regex = "*"
tqdm = "*"

[[package]]
category = "main"
description = "NumPy is the fundamental package for array computing with Python."
name = "numpy"
optional = false
python-versions = ">=3.5"
version = "1.18.4"

[[package]]
category = "main"
description = "A decorator to automatically detect mismatch when overriding a method."
name = "overrides"
optional = false
python-versions = "*"
version = "2.8.0"

[[package]]
category = "main"
description = "Core utilities for Python packages"
name = "packaging"
optional = false
python-versions = ">=2.7, !=3.0.*, !=3.1.*, !=3.2.*, !=3.3.*"
version = "20.4"

[package.dependencies]
pyparsing = ">=2.0.2"
six = "*"

[[package]]
category = "main"
description = "The smartest command line arguments parser in the world"
name = "plac"
optional = false
python-versions = "*"
version = "1.1.3"

[[package]]
category = "main"
description = "plugin and hook calling mechanisms for python"
name = "pluggy"
optional = false
python-versions = ">=2.7, !=3.0.*, !=3.1.*, !=3.2.*, !=3.3.*"
version = "0.13.1"

[package.dependencies]
[package.dependencies.importlib-metadata]
python = "<3.8"
version = ">=0.12"

[[package]]
category = "main"
description = "Cython hash table that trusts the keys are pre-hashed"
name = "preshed"
optional = false
python-versions = "*"
version = "3.0.2"

[package.dependencies]
cymem = ">=2.0.2,<2.1.0"
murmurhash = ">=0.28.0,<1.1.0"

[[package]]
category = "main"
description = "Protocol Buffers"
name = "protobuf"
optional = false
python-versions = "*"
version = "3.12.2"

[package.dependencies]
setuptools = "*"
six = ">=1.9"

[[package]]
category = "main"
description = "library with cross-python path, ini-parsing, io, code, log facilities"
name = "py"
optional = false
python-versions = ">=2.7, !=3.0.*, !=3.1.*, !=3.2.*, !=3.3.*"
version = "1.8.1"

[[package]]
category = "main"
description = "Full Python implementation of the ROUGE metric, producing same results as in the official perl implementation."
name = "py-rouge"
optional = false
python-versions = "*"
version = "1.1"

[[package]]
category = "main"
description = "Python parsing module"
name = "pyparsing"
optional = false
python-versions = ">=2.6, !=3.0.*, !=3.1.*, !=3.2.*"
version = "2.4.7"

[[package]]
category = "main"
description = "pytest: simple powerful testing with Python"
name = "pytest"
optional = false
python-versions = ">=3.5"
version = "5.4.2"

[package.dependencies]
atomicwrites = ">=1.0"
attrs = ">=17.4.0"
colorama = "*"
more-itertools = ">=4.0.0"
packaging = "*"
pluggy = ">=0.12,<1.0"
py = ">=1.5.0"
wcwidth = "*"

[package.dependencies.importlib-metadata]
python = "<3.8"
version = ">=0.12"

[[package]]
category = "main"
description = "Extensions to the standard Python datetime module"
name = "python-dateutil"
optional = false
python-versions = "!=3.0.*,!=3.1.*,!=3.2.*,>=2.7"
version = "2.8.1"

[package.dependencies]
six = ">=1.5"

[[package]]
category = "main"
description = "Python extension for computing string edit distances and similarities."
name = "python-levenshtein"
optional = false
python-versions = "*"
version = "0.12.0"

[package.dependencies]
setuptools = "*"

[[package]]
category = "main"
description = "Alternative regular expression module, to replace re."
name = "regex"
optional = false
python-versions = "*"
version = "2020.5.14"

[[package]]
category = "main"
description = "Python HTTP for Humans."
name = "requests"
optional = false
python-versions = ">=2.7, !=3.0.*, !=3.1.*, !=3.2.*, !=3.3.*, !=3.4.*"
version = "2.23.0"

[package.dependencies]
certifi = ">=2017.4.17"
chardet = ">=3.0.2,<4"
idna = ">=2.5,<3"
urllib3 = ">=1.21.1,<1.25.0 || >1.25.0,<1.25.1 || >1.25.1,<1.26"

[[package]]
category = "main"
description = "A utility library for mocking out the `requests` Python library."
name = "responses"
optional = false
python-versions = ">=2.7, !=3.0.*, !=3.1.*, !=3.2.*, !=3.3.*"
version = "0.10.14"

[package.dependencies]
requests = ">=2.0"
six = "*"

[[package]]
category = "main"
description = "An Amazon S3 Transfer Manager"
name = "s3transfer"
optional = false
python-versions = "*"
version = "0.3.3"

[package.dependencies]
botocore = ">=1.12.36,<2.0a.0"

[[package]]
category = "main"
description = "SacreMoses"
name = "sacremoses"
optional = false
python-versions = "*"
version = "0.0.43"

[package.dependencies]
click = "*"
joblib = "*"
regex = "*"
six = "*"
tqdm = "*"

[[package]]
category = "main"
description = "A set of python modules for machine learning and data mining"
name = "scikit-learn"
optional = false
python-versions = ">=3.6"
version = "0.23.1"

[package.dependencies]
joblib = ">=0.11"
numpy = ">=1.13.3"
scipy = ">=0.19.1"
threadpoolctl = ">=2.0.0"

[[package]]
category = "main"
description = "SciPy: Scientific Library for Python"
name = "scipy"
optional = false
python-versions = ">=3.5"
version = "1.4.1"

[package.dependencies]
numpy = ">=1.13.3"

[[package]]
category = "main"
description = "A library implementing the 'SemVer' scheme."
name = "semantic-version"
optional = false
python-versions = ">=2.7, !=3.0.*, !=3.1.*, !=3.2.*, !=3.3.*"
version = "2.8.5"

[[package]]
category = "main"
description = "SentencePiece python wrapper"
name = "sentencepiece"
optional = false
python-versions = "*"
version = "0.1.91"

[[package]]
category = "main"
description = "Python 2 and 3 compatibility utilities"
name = "six"
optional = false
python-versions = ">=2.7, !=3.0.*, !=3.1.*, !=3.2.*"
version = "1.15.0"

[[package]]
category = "main"
description = "Industrial-strength Natural Language Processing (NLP) in Python"
name = "spacy"
optional = false
python-versions = "!=3.0.*,!=3.1.*,!=3.2.*,!=3.3.*,>=2.7"
version = "2.2.4"

[package.dependencies]
blis = ">=0.4.0,<0.5.0"
catalogue = ">=0.0.7,<1.1.0"
cymem = ">=2.0.2,<2.1.0"
murmurhash = ">=0.28.0,<1.1.0"
numpy = ">=1.15.0"
plac = ">=0.9.6,<1.2.0"
preshed = ">=3.0.2,<3.1.0"
requests = ">=2.13.0,<3.0.0"
setuptools = "*"
srsly = ">=1.0.2,<1.1.0"
thinc = "7.4.0"
tqdm = ">=4.38.0,<5.0.0"
wasabi = ">=0.4.0,<1.1.0"

[[package]]
category = "main"
description = "Modern high-performance serialization utilities for Python"
name = "srsly"
optional = false
python-versions = "*"
version = "1.0.2"

[[package]]
category = "main"
description = "Pretty-print tabular data"
name = "tabulate"
optional = false
python-versions = "*"
version = "0.8.7"

[[package]]
category = "main"
description = "TensorBoardX lets you watch Tensors Flow without Tensorflow"
name = "tensorboardx"
optional = false
python-versions = "*"
version = "2.0"

[package.dependencies]
numpy = "*"
protobuf = ">=3.8.0"
six = "*"

[[package]]
category = "main"
description = "Practical Machine Learning for NLP"
name = "thinc"
optional = false
python-versions = "*"
version = "7.4.0"

[package.dependencies]
blis = ">=0.4.0,<0.5.0"
catalogue = ">=0.0.7,<1.1.0"
cymem = ">=2.0.2,<2.1.0"
murmurhash = ">=0.28.0,<1.1.0"
numpy = ">=1.7.0"
plac = ">=0.9.6,<1.2.0"
preshed = ">=1.0.1,<3.1.0"
srsly = ">=0.0.6,<1.1.0"
tqdm = ">=4.10.0,<5.0.0"
wasabi = ">=0.0.9,<1.1.0"

[[package]]
category = "main"
description = "threadpoolctl"
name = "threadpoolctl"
optional = false
python-versions = ">=3.5"
version = "2.1.0"

[[package]]
category = "main"
description = "Fast and Customizable Tokenizers"
name = "tokenizers"
optional = false
python-versions = "*"
version = "0.5.2"

[[package]]
category = "main"
description = "Tensors and Dynamic neural networks in Python with strong GPU acceleration"
name = "torch"
optional = false
python-versions = ">=2.7, !=3.0.*, !=3.1.*, !=3.2.*, !=3.3.*, !=3.4.*"
version = "1.4.0"

[[package]]
category = "main"
description = "Fast, Extensible Progress Meter"
name = "tqdm"
optional = false
python-versions = ">=2.6, !=3.0.*, !=3.1.*"
version = "4.46.0"

[[package]]
category = "main"
description = "State-of-the-art Natural Language Processing for TensorFlow 2.0 and PyTorch"
name = "transformers"
optional = false
python-versions = ">=3.6.0"
version = "2.8.0"

[package.dependencies]
boto3 = "*"
filelock = "*"
numpy = "*"
regex = "!=2019.12.17"
requests = "*"
sacremoses = "*"
sentencepiece = "*"
tokenizers = "0.5.2"
tqdm = ">=4.27"

[package.dependencies.dataclasses]
python = "<3.7"
version = "*"

[[package]]
category = "main"
description = "HTTP library with thread-safe connection pooling, file post, and more."
name = "urllib3"
optional = false
python-versions = ">=2.7, !=3.0.*, !=3.1.*, !=3.2.*, !=3.3.*, !=3.4.*, <4"
version = "1.25.9"

[[package]]
category = "main"
description = "A lightweight console printing and formatting toolkit"
name = "wasabi"
optional = false
python-versions = "*"
version = "0.6.0"

[[package]]
category = "main"
description = "Measures number of Terminal column cells of wide-character codes"
name = "wcwidth"
optional = false
python-versions = "*"
version = "0.1.9"

[[package]]
category = "main"
description = "Convert number words eg. three hundred and forty two to numbers (342)."
name = "word2number"
optional = false
python-versions = "*"
version = "1.1"

[[package]]
category = "main"
description = "Backport of pathlib-compatible object wrapper for zip files"
name = "zipp"
optional = false
python-versions = ">=3.6"
version = "3.1.0"

[metadata]
content-hash = "2506d47b0edbe4cd72a63c17697034f3d0d53f186ca25138bcc0f10512b63716"
python-versions = "^3.6.1"

[metadata.hashes]
allennlp = ["42c31a6948e47bb2726fffd286ff4f4e72f971fb6d718fdef0a19aff1958847d", "b53e9e3861d8451757079b71d3a5a73220353e1fc583f0fcf40f3dbcffc73e4a"]
allennlp-models = ["199f39e97f334072f6736b44722220f7f80880a0dd10bf0a2081949fb6dc0b36", "7e947f5ce754be15c9635f44c83bd2dde42e3f0b967bf41cd322adbc0f1815d3"]
atomicwrites = ["6d1784dea7c0c8d4a5172b6c620f40b6e4cbfdf96d783691f2e1302a7b88e197", "ae70396ad1a434f9c7046fd2dd196fc04b12f9e91ffb859164193be8b6168a7a"]
attrs = ["08a96c641c3a74e44eb59afb61a24f2cb9f4d7188748e76ba4bb5edfa3cb7d1c", "f7b7ce16570fe9965acd6d30101a28f62fb4a7f9e926b3bbc9b61f8b04247e72"]
blis = ["00473602629ba69fe6565108e21957e918cb48b59f5bf2f6bfb6e04de42500cb", "03c368c9716ca814c436550a5f1e02ccf74850e613602519e3941d212e5aa177", "135450caabc8aea9bb9250329ebdf7189982d9b57d5c92789b2ba2fe52c247a7", "1402d9cbb0fbc21b749dd5b87d7ee14249e74a0ca38be6ecc56b3b356fca2f21", "26b16d6005bb2671699831b5cc699905215d1abde1ec5c1d04de7dcd9eb29f75", "3347a4b1b7d3ae14476aac9a6f7bf8ebf464863f4ebf4aea228874a7694ea240", "38fe877a4b52e762f5e137a412e3c256545a696a12ae8c40d67b8815d2bb5097", "4fb89c47ee06b58a4410a16fd5794847517262c9d2a342643475b477dfeff0a4", "77a6486b9794af01bcdfd1bc6e067c93add4b93292e6f95bf6e5ce7f98bf0163", "856142a11e37fd2c47c5006a3197e157bb8469a491a73d2d442223dd3279df84", "8aeaf6954351593a1e412f80e398aa51df588d3c0de74b9f3323b694c603381b", "9ede123065f3cacb109967755b3d83d4ca0de90643a9058129a6ab2d4051954f", "d1d59faebc1c94f8f4f77154ef4b9d6d40364b111cf8fde48ee3b524c85f1075", "d69257d317e86f34a7f230a2fd1f021fd2a1b944137f40d8cdbb23bd334cd0c4", "ddd732c5274d1082fa92e2c42317587d5ebabce7741ca98120f69bd45d004b99", "f0b0dad4d6268d9dba0a65a9db12dd7a2d8686b648399e4aa1aec7550697e99e"]
boto3 = ["2e58368d32171f42100353007fb48fe583ea9deafd0ec556aa2bc1ce1582d06d", "c774003dc13d6de74b5e19d2b84d625da4456e64bd97f44baa1fcf40d808d29a"]
botocore = ["5cb537e7a4cf2d59a2a8dfbbc8e14ec3bc5b640eb81a1bf3bb0523c0a75e6b1b", "7b8b1f082665c8670b9aa70143ee527c5d04939fe027a63ac5958359be20ccb0"]
catalogue = ["584d78e7f4c3c6e2fd498eb56dfc8ef1f4ff738480237de2ccd26cbe2cf47172", "d74d1d856c6b36a37bf14aa6dbbc27d0582667b7ab979a6108e61a575e8723f5"]
certifi = ["1d987a998c75633c40847cc966fcf5904906c920a7f17ef374f5aa4282abd304", "51fcb31174be6e6664c5f69e3e1691a2d72a1a12e90f872cbdb1567eb47b6519"]
chardet = ["84ab92ed1c4d4f16916e05906b6b75a6c0fb5db821cc65e70cbd64a3e2a5eaae", "fc323ffcaeaed0e0a02bf4d117757b98aed530d9ed4531e3e15460124c106691"]
click = ["d2b5255c7c6349bc1bd1e59e08cd12acbbd63ce649f2588755783aa94dfb6b1a", "dacca89f4bfadd5de3d7489b7c8a566eee0d3676333fbb50030263894c38c0dc"]
colorama = ["7d73d2a99753107a36ac6b455ee49046802e59d9d076ef8e47b61499fa29afff", "e96da0d330793e2cb9485e9ddfd918d456036c7149416295932478192f4436a1"]
conllu = ["73721d17e3346d8423704fe75bfe296f0c4a693489e0c650b71f504c2a300dda", "7b3d433d06e50e3814be7af50d26e43151d8e134d7b84f5389d2ecafa2b65ab2"]
cymem = ["5083b2ab5fe13ced094a82e0df465e2dbbd9b1c013288888035e24fd6eb4ed01", "622c20a57701d02f01a47e856dea248e112638f28c8249dbe3ed95a9702e3d74", "6f4cb689a9552e9e13dccc89203c8ab09f210a7ffb92ce27c384a4a0be27b527", "719f04a11ca709fc2b47868070d79fccff77e5d502ff32de2f4baa73cb16166f", "7236252bed70f37b898933dcf8aa875d0829664a245a272516f27b30439df71c", "7f5ddceb12b73f7fd2e4398266401b6f887003740ccd18c989a2af04500b5f2b", "85b9364e099426bd7f445a7705aad87bf6dbb71d79e3802dd8ca14e181d38a33", "c288a1bbdf58c360457443e5297e74844e1961e5e7001dbcb3a5297a41911a11", "cd21ec48ee70878d46c486e2f7ae94b32bfc6b37c4d27876c5a5a00c4eb75c3c", "d7505c500d994f11662e5595f5002251f572acc189f18944619352e2636f5181", "dd24848fbd75b17bab06408da6c029ba7cc615bd9e4a1f755fb3a090025fb922", "f4f19af4bca81f11922508a9dcf30ce1d2aee4972af9f81ce8e5331a6f46f5e1"]
dataclasses = ["454a69d788c7fda44efd71e259be79577822f5e3f53f029a22d08004e951dc9f", "6988bd2b895eef432d562370bb707d540f32f7360ab13da45340101bc2307d84"]
docutils = ["6c4f696463b79f1fb8ba0c594b63840ebd41f059e92b31957c46b74a4599b6d0", "9e4d7ecfc600058e07ba661411a2b7de2fd0fafa17d1a7f7361cd47b1175c827", "a2aeea129088da402665e92e0b25b04b073c04b2dce4ab65caaa38b7ce2e1a99"]
filelock = ["18d82244ee114f543149c66a6e0c14e9c4f8a1044b5cdaadd0f82159d6a6ff59", "929b7d63ec5b7d6b71b0fa5ac14e030b3f70b75747cef1b10da9b879fef15836"]
flaky = ["5471615b32b0f8086573de924475b1f0d31e0e8655a089eb9c38a0fbff3f11aa", "8cd5455bb00c677f787da424eaf8c4a58a922d0e97126d3085db5b279a98b698"]
h5py = ["063947eaed5f271679ed4ffa36bb96f57bc14f44dd4336a827d9a02702e6ce6b", "13c87efa24768a5e24e360a40e0bc4c49bcb7ce1bb13a3a7f9902cec302ccd36", "16ead3c57141101e3296ebeed79c9c143c32bdd0e82a61a2fc67e8e6d493e9d1", "3dad1730b6470fad853ef56d755d06bb916ee68a3d8272b3bab0c1ddf83bb99e", "51ae56894c6c93159086ffa2c94b5b3388c0400548ab26555c143e7cfa05b8e5", "54817b696e87eb9e403e42643305f142cd8b940fe9b3b490bbf98c3b8a894cf4", "549ad124df27c056b2e255ea1c44d30fb7a17d17676d03096ad5cd85edb32dc1", "64f74da4a1dd0d2042e7d04cf8294e04ddad686f8eba9bb79e517ae582f6668d", "6998be619c695910cb0effe5eb15d3a511d3d1a5d217d4bd0bebad1151ec2262", "6ef7ab1089e3ef53ca099038f3c0a94d03e3560e6aff0e9d6c64c55fb13fc681", "769e141512b54dee14ec76ed354fcacfc7d97fea5a7646b709f7400cf1838630", "79b23f47c6524d61f899254f5cd5e486e19868f1823298bc0c29d345c2447172", "7be5754a159236e95bd196419485343e2b5875e806fe68919e087b6351f40a70", "84412798925dc870ffd7107f045d7659e60f5d46d1c70c700375248bf6bf512d", "86868dc07b9cc8cb7627372a2e6636cdc7a53b7e2854ad020c9e9d8a4d3fd0f5", "8bb1d2de101f39743f91512a9750fb6c351c032e5cd3204b4487383e34da7f75", "a5f82cd4938ff8761d9760af3274acf55afc3c91c649c50ab18fcff5510a14a5", "aac4b57097ac29089f179bbc2a6e14102dd210618e94d77ee4831c65f82f17c0", "bffbc48331b4a801d2f4b7dac8a72609f0b10e6e516e5c480a3e3241e091c878", "c0d4b04bbf96c47b6d360cd06939e72def512b20a18a8547fa4af810258355d5", "c54a2c0dd4957776ace7f95879d81582298c5daf89e77fb8bee7378f132951de", "cbf28ae4b5af0f05aa6e7551cee304f1d317dbed1eb7ac1d827cee2f1ef97a99", "d35f7a3a6cefec82bfdad2785e78359a0e6a5fbb3f605dd5623ce88082ccd681", "d3c59549f90a891691991c17f8e58c8544060fdf3ccdea267100fa5f561ff62f", "d7ae7a0576b06cb8e8a1c265a8bc4b73d05fdee6429bffc9a26a6eb531e79d72", "ecf4d0b56ee394a0984de15bceeb97cbe1fe485f1ac205121293fc44dcf3f31f", "f0e25bb91e7a02efccb50aba6591d3fe2c725479e34769802fcdd4076abfa917", "f23951a53d18398ef1344c186fb04b26163ca6ce449ebd23404b153fd111ded9", "ff7d241f866b718e4584fa95f520cb19405220c501bd3a53ee11871ba5166ea2"]
idna = ["7588d1c14ae4c77d74036e8c22ff447b26d0fde8f007354fd48a7814db15b7cb", "a068a21ceac8a4d63dbfd964670474107f541babbd2250d61922f029858365fa"]
importlib-metadata = ["2a688cbaa90e0cc587f1df48bdc97a6eadccdcd9c35fb3f976a09e3b5016d90f", "34513a8a0c4962bc66d35b359558fd8a5e10cd472d37aec5f66858addef32c1e"]
jmespath = ["b85d0567b8666149a93172712e68920734333c0ce7e89b78b3e987f71e5ed4f9", "cdf6525904cc597730141d61b36f2e4b8ecc257c420fa2f4549bac2c2d0cb72f"]
joblib = ["61e49189c84b3c5d99a969d314853f4d1d263316cc694bec17548ebaa9c47b6e", "6825784ffda353cc8a1be573118085789e5b5d29401856b35b756645ab5aecb5"]
jsonnet = ["4d6eff8c17e146dccd244eda45317577cd5e264ce8d5d0676f1f36afdc01307e"]
jsonpickle = ["8919c166bac0574e3d74425c7559434062002d9dfc0ac2afa6dc746ba4a19439", "e8d4b7cd0bd6826001a74377df1079a76ad8bae0f909282de2554164c837c8ba"]
more-itertools = ["558bb897a2232f5e4f8e2399089e35aecb746e1f9191b6584a151647e89267be", "7818f596b1e87be009031c7653d01acc46ed422e6656b394b0f765ce66ed4982"]
murmurhash = ["27b908fe4bdb426f4e4e4a8821acbe0302915b2945e035ec9d8ca513e2a74b1f", "33405103fa8cde15d72ee525a03d5cfe2c7e4901133819754810986e29627d68", "386a9eed3cb27cb2cd4394b6521275ba04552642c2d9cab5c9fb42aa5a3325c0", "3af36a0dc9f13f6892d9b8b39a6a3ccf216cae5bce38adc7c2d145677987772f", "717196a04cdc80cc3103a3da17b2415a8a5e1d0d578b7079259386bf153b3258", "8a4ed95cd3456b43ea301679c7c39ade43fc18b844b37d0ba0ac0d6acbff8e0c", "8b045a79e8b621b4b35b29f29e33e9e0964f3a276f7da4d5736142f322ad4842", "a6c071b4b498bcea16a8dc8590cad81fa8d43821f34c74bc00f96499e2527073", "b0afe329701b59d02e56bc6cee7325af83e3fee9c299c615fc1df3202b4f886f", "ba766343bdbcb928039b8fff609e80ae7a5fd5ed7a4fc5af822224b63e0cbaff", "bf33490514d308bcc27ed240cb3eb114f1ec31af031535cd8f27659a7049bd52", "c7a646f6b07b033642b4f52ae2e45efd8b80780b3b90e8092a0cec935fbf81e2", "cc97ea766ac545074bab0e5af3dbc48e0d05ba230ae5a404e284d39abe4b3baf", "d696c394ebd164ca80b5871e2e9ad2f9fdbb81bd3c552c1d5f1e8ee694e6204a", "f468e4868f78c3ac202a66abfe2866414bca4ae7666a21ef0938c423de0f7d50", "fe344face8d30a5a6aa26e5acf288aa2a8f0f32e05efdda3d314b4bf289ec2af"]
nltk = ["845365449cd8c5f9731f7cb9f8bd6fd0767553b9d53af9eb1b3abf7700936b35"]
numpy = ["00d7b54c025601e28f468953d065b9b121ddca7fff30bed7be082d3656dd798d", "02ec9582808c4e48be4e93cd629c855e644882faf704bc2bd6bbf58c08a2a897", "0e6f72f7bb08f2f350ed4408bb7acdc0daba637e73bce9f5ea2b207039f3af88", "1be2e96314a66f5f1ce7764274327fd4fb9da58584eaff00b5a5221edefee7d6", "2466fbcf23711ebc5daa61d28ced319a6159b260a18839993d871096d66b93f7", "2b573fcf6f9863ce746e4ad00ac18a948978bb3781cffa4305134d31801f3e26", "3f0dae97e1126f529ebb66f3c63514a0f72a177b90d56e4bce8a0b5def34627a", "50fb72bcbc2cf11e066579cb53c4ca8ac0227abb512b6cbc1faa02d1595a2a5d", "57aea170fb23b1fd54fa537359d90d383d9bf5937ee54ae8045a723caa5e0961", "709c2999b6bd36cdaf85cf888d8512da7433529f14a3689d6e37ab5242e7add5", "7d59f21e43bbfd9a10953a7e26b35b6849d888fc5a331fa84a2d9c37bd9fe2a2", "904b513ab8fbcbdb062bed1ce2f794ab20208a1b01ce9bd90776c6c7e7257032", "96dd36f5cdde152fd6977d1bbc0f0561bccffecfde63cd397c8e6033eb66baba", "9933b81fecbe935e6a7dc89cbd2b99fea1bf362f2790daf9422a7bb1dc3c3085", "bbcc85aaf4cd84ba057decaead058f43191cc0e30d6bc5d44fe336dc3d3f4509", "dccd380d8e025c867ddcb2f84b439722cf1f23f3a319381eac45fd077dee7170", "e22cd0f72fc931d6abc69dc7764484ee20c6a60b0d0fee9ce0426029b1c1bdae", "ed722aefb0ebffd10b32e67f48e8ac4c5c4cf5d3a785024fdf0e9eb17529cd9d", "efb7ac5572c9a57159cf92c508aad9f856f1cb8e8302d7fdb99061dbe52d712c", "efdba339fffb0e80fcc19524e4fdbda2e2b5772ea46720c44eaac28096d60720", "f22273dd6a403ed870207b853a856ff6327d5cbce7a835dfa0645b3fc00273ec"]
overrides = ["2ee4055a686a3ab30621deca01e43562e97825e29b7993e66d73f287d204e868"]
packaging = ["4357f74f47b9c12db93624a82154e9b120fa8293699949152b22065d556079f8", "998416ba6962ae7fbd6596850b80e17859a5753ba17c32284f67bfff33784181"]
plac = ["398cb947c60c4c25e275e1f1dadf027e7096858fb260b8ece3b33bcff90d985f", "487e553017d419f35add346c4c09707e52fa53f7e7181ce1098ca27620e9ceee"]
pluggy = ["15b2acde666561e1298d71b523007ed7364de07029219b604cf808bfa1c765b0", "966c145cd83c96502c3c3868f50408687b38434af77734af1e9ca461a4081d2d"]
preshed = ["0c15ae62f2595ca479decc3452967484dae57b510278800f5deb9115238cc818", "190345724eb3f7aeaeb2a758740d698bd6c017c2cdf07c71c16b34820973d114", "1be3cb59211282e906a11443464fe3e19f6561e2fcd06410e4adc6d45354cf82", "1ef72a120e49356058b3c0590d7b5e91f2747b44e006eef6579be6131223cab0", "253970beae87ab672a6afb543908761795eea3cb7b0d784e2ea51e265752059e", "448d9df12e63fe4a3024f6153ee6703bb95d2be0ce887b5eda7ddc41acfba825", "61d73468c97c1d6d5a048de0b01d5a6fd052123358aca4823cdb277e436436cb", "633358f1fb0ec5dd6dbe4971c328d08809e5a8dbefdf13a802ae0a7cb45306c7", "6518bbd5fb8adbc3231e75ae78d96a7bdd5405a3b23a09d5e62a2e4fc833724e", "7e80ffc1fb79496d4feafe0eaf71ee5e532b91daf6cec235d7f9c4c12657a58c", "7ea588a78aaf310ae2c293071a8571b07ae434819be05fe510442b6df3f8fbf7", "88427346b220293439db77c82913791fa13edc6ac73d8159610699a3ca17aae9", "8a9a8222a697a513f25a94733e7a17cc298ecd8fd56b606a1d8fa0ac342c2830", "b4ae6c7c44aa3ff7bd717791bb6b619ecb273b7cb128c986f2dc65f6e0e6ddd4", "e37058d91bd7f0f5a7a9c83d22a83dc581ab5f79688a87be81f200993145a250", "ece5e850f667eaa3367d5c56dda9e3aa6ac1c0bb2117d2f466a26db5f26bbe4b"]
protobuf = ["304e08440c4a41a0f3592d2a38934aad6919d692bb0edfb355548786728f9a5e", "49ef8ab4c27812a89a76fa894fe7a08f42f2147078392c0dee51d4a444ef6df5", "50b5fee674878b14baea73b4568dc478c46a31dd50157a5b5d2f71138243b1a9", "5524c7020eb1fb7319472cb75c4c3206ef18b34d6034d2ee420a60f99cddeb07", "612bc97e42b22af10ba25e4140963fbaa4c5181487d163f4eb55b0b15b3dfcd2", "6f349adabf1c004aba53f7b4633459f8ca8a09654bf7e69b509c95a454755776", "85b94d2653b0fdf6d879e39d51018bf5ccd86c81c04e18a98e9888694b98226f", "87535dc2d2ef007b9d44e309d2b8ea27a03d2fa09556a72364d706fcb7090828", "a7ab28a8f1f043c58d157bceb64f80e4d2f7f1b934bc7ff5e7f7a55a337ea8b0", "a96f8fc625e9ff568838e556f6f6ae8eca8b4837cdfb3f90efcb7c00e342a2eb", "b5a114ea9b7fc90c2cc4867a866512672a47f66b154c6d7ee7e48ddb68b68122", "be04fe14ceed7f8641e30f36077c1a654ff6f17d0c7a5283b699d057d150d82a", "bff02030bab8b969f4de597543e55bd05e968567acb25c0a87495a31eb09e925", "c9ca9f76805e5a637605f171f6c4772fc4a81eced4e2f708f79c75166a2c99ea", "e1464a4a2cf12f58f662c8e6421772c07947266293fb701cb39cd9c1e183f63c", "e72736dd822748b0721f41f9aaaf6a5b6d5cfc78f6c8690263aef8bba4457f0e", "eafe9fa19fcefef424ee089fb01ac7177ff3691af7cc2ae8791ae523eb6ca907", "f4b73736108a416c76c17a8a09bc73af3d91edaa26c682aaa460ef91a47168d3"]
py = ["5e27081401262157467ad6e7f851b7aa402c5852dbcb3dae06768434de5752aa", "c20fdd83a5dbc0af9efd622bee9a5564e278f6380fffcacc43ba6f43db2813b0"]
py-rouge = ["9ae2a859a9edc6d25f3908e48706f7d82d6e78ea18954560c4cb21897dc1d270", "b6caf2f031c45f699a9481c8962b8c33688165a3f2a22e1bfbaede8e073d6bb0"]
pyparsing = ["c203ec8783bf771a155b207279b9bccb8dea02d8f0c9e5f8ead507bc3246ecc1", "ef9d7589ef3c200abe66653d3f1ab1033c3c419ae9b9bdb1240a85b024efc88b"]
pytest = ["95c710d0a72d91c13fae35dce195633c929c3792f54125919847fdcdf7caa0d3", "eb2b5e935f6a019317e455b6da83dd8650ac9ffd2ee73a7b657a30873d67a698"]
python-dateutil = ["73ebfe9dbf22e832286dafa60473e4cd239f8592f699aa5adaf10050e6e1823c", "75bb3f31ea686f1197762692a9ee6a7550b59fc6ca3a1f4b5d7e32fb98e2da2a"]
python-levenshtein = ["033a11de5e3d19ea25c9302d11224e1a1898fe5abd23c61c7c360c25195e3eb1"]
regex = ["1386e75c9d1574f6aa2e4eb5355374c8e55f9aac97e224a8a5a6abded0f9c927", "27ff7325b297fb6e5ebb70d10437592433601c423f5acf86e5bc1ee2919b9561", "329ba35d711e3428db6b45a53b1b13a0a8ba07cbbcf10bbed291a7da45f106c3", "3a9394197664e35566242686d84dfd264c07b20f93514e2e09d3c2b3ffdf78fe", "51f17abbe973c7673a61863516bdc9c0ef467407a940f39501e786a07406699c", "579ea215c81d18da550b62ff97ee187b99f1b135fd894a13451e00986a080cad", "70c14743320a68c5dac7fc5a0f685be63bc2024b062fe2aaccc4acc3d01b14a1", "7e61be8a2900897803c293247ef87366d5df86bf701083b6c43119c7c6c99108", "8044d1c085d49673aadb3d7dc20ef5cb5b030c7a4fa253a593dda2eab3059929", "89d76ce33d3266173f5be80bd4efcbd5196cafc34100fdab814f9b228dee0fa4", "99568f00f7bf820c620f01721485cad230f3fb28f57d8fbf4a7967ec2e446994", "a7c37f048ec3920783abab99f8f4036561a174f1314302ccfa4e9ad31cb00eb4", "c2062c7d470751b648f1cacc3f54460aebfc261285f14bc6da49c6943bd48bdd", "c9bce6e006fbe771a02bda468ec40ffccbf954803b470a0345ad39c603402577", "ce367d21f33e23a84fb83a641b3834dd7dd8e9318ad8ff677fbfae5915a239f7", "ce450ffbfec93821ab1fea94779a8440e10cf63819be6e176eb1973a6017aff5", "ce5cc53aa9fbbf6712e92c7cf268274eaff30f6bd12a0754e8133d85a8fb0f5f", "d466967ac8e45244b9dfe302bbe5e3337f8dc4dec8d7d10f5e950d83b140d33a", "d881c2e657c51d89f02ae4c21d9adbef76b8325fe4d5cf0e9ad62f850f3a98fd", "e565569fc28e3ba3e475ec344d87ed3cd8ba2d575335359749298a0899fe122e", "ea55b80eb0d1c3f1d8d784264a6764f931e172480a2f1868f2536444c5f01e01"]
requests = ["43999036bfa82904b6af1d99e4882b560e5e2c68e5c4b0aa03b655f3d7d73fee", "b3f43d496c6daba4493e7c431722aeb7dbc6288f52a6e04e7b6023b0247817e6"]
responses = ["1a78bc010b20a5022a2c0cb76b8ee6dc1e34d887972615ebd725ab9a166a4960", "3d596d0be06151330cb230a2d630717ab20f7a81f205019481e206eb5db79915"]
s3transfer = ["2482b4259524933a022d59da830f51bd746db62f047d6eb213f2f8855dcb8a13", "921a37e2aefc64145e7b73d50c71bb4f26f46e4c9f414dc648c6245ff92cf7db"]
sacremoses = ["123c1bf2664351fb05e16f87d3786dbe44a050cfd7b85161c09ad9a63a8e2948"]
scikit-learn = ["04799686060ecbf8992f26a35be1d99e981894c8c7860c1365cda4200f954a16", "058d213092de4384710137af1300ed0ff030b8c40459a6c6f73c31ccd274cc39", "0c3464e46ef8bd4f1bfa5c009648c6449412c8f7e9b3fc0c9e3d800139c48827", "0e7b55f73b35537ecd0d19df29dd39aa9e076dba78f3507b8136c819d84611fd", "16feae4361be6b299d4d08df5a30956b4bfc8eadf173fe9258f6d59630f851d4", "244ca85d6eba17a1e6e8a66ab2f584be6a7784b5f59297e3d7ff8c7983af627c", "3e6e92b495eee193a8fa12a230c9b7976ea0fc1263719338e35c986ea1e42cff", "5bcea4d6ee431c814261117281363208408aa4e665633655895feb059021aca6", "93f56abd316d131645559ec0ab4f45e3391c2ccdd4eadaa4912f4c1e0a6f2c96", "9e04c0811ea92931ee8490d638171b8cb2f21387efcfff526bbc8c2a3da60f1c", "bded94236e16774385202cafd26190ce96db18e4dc21e99473848c61e4fdc400", "c2fa33d20408b513cf432505c80e6eb4bf4d71434f1ae36680765d4a2c2a16ec", "e3fec1c8831f8f93ad85581ca29ca1bb88e2da377fb097cf8322aa89c21bc9b8", "e585682e37f2faa81ad6cd4472fff646bf2fd0542147bec93697a905db8e6bd2", "e9879ba9e64ec3add41bf201e06034162f853652ef4849b361d73b0deb3153ad", "ebe853e6f318f9d8b3b74dd17e553720d35646eff675a69eeaed12fbbbb07daa"]
scipy = ["00af72998a46c25bdb5824d2b729e7dabec0c765f9deb0b504f928591f5ff9d4", "0902a620a381f101e184a958459b36d3ee50f5effd186db76e131cbefcbb96f7", "1e3190466d669d658233e8a583b854f6386dd62d655539b77b3fa25bfb2abb70", "2cce3f9847a1a51019e8c5b47620da93950e58ebc611f13e0d11f4980ca5fecb", "3092857f36b690a321a662fe5496cb816a7f4eecd875e1d36793d92d3f884073", "386086e2972ed2db17cebf88610aab7d7f6e2c0ca30042dc9a89cf18dcc363fa", "71eb180f22c49066f25d6df16f8709f215723317cc951d99e54dc88020ea57be", "770254a280d741dd3436919d47e35712fb081a6ff8bafc0f319382b954b77802", "787cc50cab3020a865640aba3485e9fbd161d4d3b0d03a967df1a2881320512d", "8a07760d5c7f3a92e440ad3aedcc98891e915ce857664282ae3c0220f3301eb6", "8d3bc3993b8e4be7eade6dcc6fd59a412d96d3a33fa42b0fa45dc9e24495ede9", "9508a7c628a165c2c835f2497837bf6ac80eb25291055f56c129df3c943cbaf8", "a144811318853a23d32a07bc7fd5561ff0cac5da643d96ed94a4ffe967d89672", "a1aae70d52d0b074d8121333bc807a485f9f1e6a69742010b33780df2e60cfe0", "a2d6df9eb074af7f08866598e4ef068a2b310d98f87dc23bd1b90ec7bdcec802", "bb517872058a1f087c4528e7429b4a44533a902644987e7b2fe35ecc223bc408", "c5cac0c0387272ee0e789e94a570ac51deb01c796b37fb2aad1fb13f85e2f97d", "cc971a82ea1170e677443108703a2ec9ff0f70752258d0e9f5433d00dda01f59", "dba8306f6da99e37ea08c08fef6e274b5bf8567bb094d1dbe86a20e532aca088", "dc60bb302f48acf6da8ca4444cfa17d52c63c5415302a9ee77b3b21618090521", "dee1bbf3a6c8f73b6b218cb28eed8dd13347ea2f87d572ce19b289d6fd3fbc59"]
semantic-version = ["45e4b32ee9d6d70ba5f440ec8cc5221074c7f4b0e8918bdab748cc37912440a9", "d2cb2de0558762934679b9a104e82eca7af448c9f4974d1f3eeccff651df8a54"]
sentencepiece = ["123ac26429025b3153f8bae53d044e9dd29539e888dcb9f39a4982e6daf9dbe9", "21a2e9f476f0c3e45da1e5da00b7ec5241bbddb524bd7b1b3d61b1bcbc05efa6", "30224b1f77af9cef79ffe3a40ed0e536be44df75c066f771e9e769b48379bd98", "3b4175a9d883a3b27436d51cb82794e3a62d0955bb36cc96d5d7932095c13135", "51c25d504beeef4c697b8f55e2baf7c6b31733a190ff9b983a6db57faa59d3d8", "53f4a91c8a6b55a75caad70d9f34bf331a576e9708c549729b06412c857aacb9", "679fcdd01e01d990950a46a814210445f2202260d092d3b69f9826739d8aed2b", "70b4164c98dba43246a068c848fab5ac9966b5bcd731ee4cb9bcf6ae976389a4", "796726d680d6c26f0f4ff213a0f6b1ef790b02071268adf5f449739c1c903f93", "79ad2f82b412859c516b569fb89b5e5c0ceba74d71c8d4b99cc8a2c734f3c79d", "7fcda06cab76136346dd279268664c65f0b66bb2147ceb97e2cec25b426e8210", "82d819eb1e997b39424d7422aa885d2ef514f754dd2935a4f4fcfdedeee955c6", "8bbb9173168d53165ba00172a5db7734e4826c30e6ffc4b3f8a6098713f6111d", "9bdff324279359598a516de8413fd2c62bc3c9c8f569f4431829599fbe57e417", "a04218f1b93b5669f3cee1dc8d6c397428e2f6af8843a20ddb2b629f6a86e632", "b3643634e043fd7a5914d51d7dc60003dad0af976b8496df0406a487b0b83a8e", "b858805ac3c6d92e5454a89476b1f9e0505e1511276cd258d5a70776c70374f1", "c0b01bb8ab3b62aba76d6b0851a1d0fcf5df5ef5616f114ea85917d8ab5f59db", "c2a004470d388272d6c17ca160ef73d6ea1ffcddc345771d817ece5c85d85dcb", "f0b383de68604195fe806072e7c8837eb5156455dfdb18fd26a9a94df3f57d42", "f1c0cf36fcff4a3ea8925babc3ed7f5f3d58628e062b24f9fad92c400bc9210c", "f2f109514b28326d5c6d69b43ba6b08e6fedf8fc77416b9a9c16be55c9ac138d", "f331fd58f438d5d5476d189e9a4944c84f7e4b027533809292b9c119b58e43b8", "f9700cf607ea064d9fad34c751fbf49953dcc56fe68c54b277481aa0aec5c18f"]
six = ["30639c035cdb23534cd4aa2dd52c3bf48f06e5f4a941509c8bafd8ce11080259", "8b74bedcbbbaca38ff6d7491d76f2b06b3592611af620f8426e82dddb04a5ced"]
spacy = ["01202066f75c7f2cfeb9c167c3184b5b0a9d465604b0ca553bd9e788353c5905", "212314be762bd40dfbbeeba1c4742c242e4b6ea3f9340891f0ff282b2e723ed0", "6c1618c05bf65ae4bc94608f2390130ca21112fb3d920d1a03727691e3e7fb1b", "7313b4fa921ed997d9719f99f5a375d672d2f4a908c7750033c4b37d9fa8547a", "877d8e157a708c8b77c0dea61e526632f6d57f27be64087dac22a4581facea68", "c5e6f8155f6b54a8ef89637b3c7d553f0ddb5478c4dd568fde7392efbf8a26c8", "ce3886e9bfb9071d2708d2cd7157ada93ab378bbb38cf079842181cd671fc6f9", "f0f3a67c5841e6e35d62c98f40ebb3d132587d3aba4f4dccac5056c4e90ff5b9", "f75ba238066455f5b5498a987b4e2c84705d92138e02e890e0b0a1d1eb2d9462", "fd740cb1b50cd86c648f64313be4734b0c2a2931d83761f46821061f42d791a3"]
srsly = ["18bad26c34cf5a8853fbf018fd168a7bf2ea7ce661e66476c25dac711cb79c9b", "2179cf1e88c250e89e40227bd5848341011c170079b3d424987d067de6a73f42", "21cfb0e5dea2c4515b5c2daa78402d5782c6425b4f58af40d2e2cb45e4778d8c", "29434753a77481ec6129991f4116f983085cc8005c1ad963261124842e8c05fc", "3f3975e8cb67194d26dd03508469b1303f8b994f30e7782f7eae25fef6dc4aad", "46213d8f094b348a9433c825ac1eba36a21aa25a8bae6f29c2f9f053e15be961", "59258b81d567df207f8a0a33c4b5fa232afccf1d927c8ce3ba5395bfd64c0ed8", "7c553a709fd56a37a07f969e849f55a0aeabaeb7677bebc588a640ab8ec134aa", "95849d84e8929be248a180e672c8ce1ed98b1341263bc983efdf8427465584f1", "b94d8a13c60e3298a9ba12b1b211026e8378c7d087efd7ce46a3f2d8d4678d94", "c8beff52c104a7ffe4a15513a05dc0497998cf83aa1ca39454489994d18c1c07", "d409beb7257208633c974c01f9dc3265562fb6802caee7de21880761ba87c3ed"]
tabulate = ["ac64cb76d53b1231d364babcd72abbb16855adac7de6665122f97b593f1eb2ba", "db2723a20d04bcda8522165c73eea7c300eda74e0ce852d9022e0159d7895007"]
tensorboardx = ["835d85db0aef2c6768f07c35e69a74e3dcb122d6afceaf2b8504d7d16c7209a5", "8e336103a66b1b97a663057cc13d1db4419f7a12f332b8364386dbf8635031d9"]
thinc = ["0522cc8b7a74e1de0902b55e1f141f889a088565f72ea0042a9c0f7f3ce83879", "1375c11ed4f7c7178a5749e17b2f3bb1644c98ecc8874e402aceaeec63df6297", "23b77994be3376cd8efa85adfa1bcf0ffcb4cfd279f48a3ab842570f419334ca", "2aa4cab69067f9dbe4ed7a1d937a4467edcc5f50d43996fba8c645f08ab1f387", "523e9be1bfaa3ed1d03d406ce451b6b4793a9719d5b83d2ea6b3398b96bc58b8", "5ac162b010f21f8fcc3fd10766025fad3ec670f6b2e0a72284912332d1ae292a", "7bb69a8cace8d85a3f65d94176f381c5216df08d79a520b005653d0a23f523a8", "9c40101f3148405cb291be2033758d011d348a5dea5d151811def8d1e466f25a", "a7332e323b76d63e1cfd2e6bc08a5527c5a6a0eba39197c56af8fe6eef62ef69", "d1ee60d44ee840b75c0c0a3ade70908f05f414a65f20082483a5a5bfe82e9497", "ebb81b7ff8f852aae1b9c26dfb629344ab962e221ec87c83b2a7c4aec337477d", "f3c5786238991925694aba81fa305c1f2290a960fe5428a26b6f82134b260ad1"]
threadpoolctl = ["38b74ca20ff3bb42caca8b00055111d74159ee95c4370882bbff2b93d24da725", "ddc57c96a38beb63db45d6c159b5ab07b6bced12c45a1f07b2b92f272aebfa6b"]
tokenizers = ["28551ed0b445e307c30f83ebaa181016f915ee12d2c037df00303128364bbc2b", "3090b03f192b4b8e18d43cae8d3ea8612f38b4d3d314553e0153f0662cac47c5", "3c6a3123253d4150c69a3a5288f994b9384b4df2c8b0ae2be3adb47a2570f390", "3e157fc74fd280183922684d7fc8fb8a22f7a09958132feefbdd4cc5f3d4cded", "423cfe1ee552a75e3a52584c935494e1895e5d2632e07a87d795869162327255", "6b27efdc51a225967e5237ca5c38c1bb7730e9904f666d0346df3a580f62fb54", "7d9752cbc4d8276758b25f52a3ac25df7bbd3b8948df3f753470c9de2aa31ff0", "986d3502c794ffdee17acd18e6b002c9d8c7636a00c81277309202a3ad3fd778", "b5a235f9c71d04d4925df6c4fa13b13f1d03f9b7ac302b89f8120790c4f742bc", "e9fa4c6002478131b58255e5337512f8a5630c0f52b14f6d6905c8ac37b47a72", "eea450fa68c4e7309f6cfd105b77d3f2f8c8c7c90e121abc7399cfbce5c650da", "f131788f76d4ceef2abc25c245b42807efc059753f7f76b32cbc6ead8a4c80f0", "f51f774cf5f1c991490cd7580b411f67e62586e91ee0bfe51a8338850511cced"]
torch = ["271d4d1e44df6ed57c530f8849b028447c62b8a19b8e8740dd9baa56e7f682c1", "30ce089475b287a37d6fbb8d71853e672edaf66699e3dd2eb19be6ce6296732a", "405b9eb40e44037d2525b3ddb5bc4c66b519cd742bff249d4207d23f83e88ea5", "504915c6bc6051ba6a4c2a43c446463dff04411e352f1e26fe13debeae431778", "54d06a0e8ee85e5a437c24f4af9f4196c819294c23ffb5914e177756f55f1829", "6f2fd9eb8c7eaf38a982ab266dbbfba0f29fb643bc74e677d045d6f2595e4692", "8856f334aa9ecb742c1504bd2563d0ffb8dceb97149c8d72a04afa357f667dbc", "8fff03bf7b474c16e4b50da65ea14200cc64553b67b9b2307f9dc7e8c69b9d28", "9a1b1db73d8dcfd94b2eee24b939368742aa85f1217c55b8f5681e76c581e99a", "bb1e87063661414e1149bef2e3a2499ce0b5060290799d7e26bc5578037075ba", "d7b34a78f021935ad727a3bede56a8a8d4fda0b0272314a04c5f6890bbe7bb29"]
tqdm = ["4733c4a10d0f2a4d098d801464bdaf5240c7dadd2a7fde4ee93b0a0efd9fb25e", "acdafb20f51637ca3954150d0405ff1a7edde0ff19e38fb99a80a66210d2a28f"]
transformers = ["2b64cfe0033a47ba664837758cd9750196666ea1306e5c40ad5617353c3dc2fc", "b9f29cdfd39c28f29e0806c321270dea337d6174a7aa60daf9625bf83dbb12ee"]
urllib3 = ["3018294ebefce6572a474f0604c2021e33b3fd8006ecd11d62107a5d2a963527", "88206b0eb87e6d677d424843ac5209e3fb9d0190d0ee169599165ec25e9d9115"]
wasabi = ["b8dd3e963cd693fde1eb6bfbecf51790171aa3534fa299faf35cf269f2fd6063", "da1f100e0025fe1e50fd67fa5b0b05df902187d5c65c86dc110974ab856d1f05"]
wcwidth = ["cafe2186b3c009a04067022ce1dcd79cb38d8d65ee4f4791b8888d6599d1bbe1", "ee73862862a156bf77ff92b09034fc4825dd3af9cf81bc5b360668d425f3c5f1"]
word2number = ["70e27a5d387f67b04c71fbb7621c05930b19bfd26efd6851e6e0f9969dcde7d0"]
zipp = ["aa36550ff0c0b7ef7fa639055d797116ee891440eac1a56f378e2d3179e0320b", "c599e4d75c98f6798c509911d08a22e6c021d074469042177c8c86fb92eefd96"]
