[[package]]
category = "main"
description = "An open-source NLP research library, built on PyTorch."
name = "allennlp"
optional = false
python-versions = ">=3.6.1"
version = "1.0.0rc2"

[package.dependencies]
boto3 = "*"
conllu = "2.3.2"
flaky = "*"
h5py = "*"
jsonnet = ">=0.10.0"
jsonpickle = "*"
nltk = "*"
numpy = "*"
overrides = "2.8.0"
pytest = "*"
requests = ">=2.18"
responses = ">=0.7"
scikit-learn = "*"
scipy = "*"
semantic-version = "*"
spacy = ">=2.1.0,<2.3"
tensorboardX = ">=1.2"
torch = ">1.3.1,<=1.4.0"
tqdm = ">=4.19"
transformers = ">=2.8.0,<2.9.0"

[package.dependencies.dataclasses]
python = "<3.7"
version = "*"

[[package]]
category = "main"
description = "Officially supported models for the AllenNLP framework"
name = "allennlp-models"
optional = false
python-versions = ">=3.6.1"
version = "1.0.0rc2"

[package.dependencies]
allennlp = "1.0.0.rc2"
nltk = "*"
py-rouge = "1.1"
word2number = ">=1.1"

[package.source]
reference = "f6cb9ae4719cf37626f9c9c7514e9c8531fc8d28"
type = "git"
url = "https://github.com/allenai/allennlp-models.git"
[[package]]
category = "main"
description = "Atomic file writes."
marker = "sys_platform == \"win32\""
name = "atomicwrites"
optional = false
python-versions = ">=2.7, !=3.0.*, !=3.1.*, !=3.2.*, !=3.3.*"
version = "1.3.0"

[[package]]
category = "main"
description = "Classes Without Boilerplate"
name = "attrs"
optional = false
python-versions = ">=2.7, !=3.0.*, !=3.1.*, !=3.2.*, !=3.3.*"
version = "19.3.0"

[[package]]
category = "main"
description = "The Blis BLAS-like linear algebra library, as a self-contained C-extension."
name = "blis"
optional = false
python-versions = "*"
version = "0.4.1"

[package.dependencies]
numpy = ">=1.15.0"

[[package]]
category = "main"
description = "The AWS SDK for Python"
name = "boto3"
optional = false
python-versions = "*"
version = "1.12.46"

[package.dependencies]
botocore = ">=1.15.46,<1.16.0"
jmespath = ">=0.7.1,<1.0.0"
s3transfer = ">=0.3.0,<0.4.0"

[[package]]
category = "main"
description = "Low-level, data-driven core of boto 3."
name = "botocore"
optional = false
python-versions = "*"
version = "1.15.46"

[package.dependencies]
docutils = ">=0.10,<0.16"
jmespath = ">=0.7.1,<1.0.0"
python-dateutil = ">=2.1,<3.0.0"

[package.dependencies.urllib3]
python = "<3.4.0 || >=3.5.0"
version = ">=1.20,<1.26"

[[package]]
category = "main"
description = "Super lightweight function registries for your library"
name = "catalogue"
optional = false
python-versions = "!=3.0.*,!=3.1.*,!=3.2.*,!=3.3.*,>=2.7"
version = "1.0.0"

[package.dependencies]
[package.dependencies.importlib-metadata]
python = "<3.8"
version = ">=0.20"

[[package]]
category = "main"
description = "Python package for providing Mozilla's CA Bundle."
name = "certifi"
optional = false
python-versions = "*"
version = "2020.4.5.1"

[[package]]
category = "main"
description = "Universal encoding detector for Python 2 and 3"
name = "chardet"
optional = false
python-versions = "*"
version = "3.0.4"

[[package]]
category = "main"
description = "Composable command line interface toolkit"
name = "click"
optional = false
python-versions = ">=2.7, !=3.0.*, !=3.1.*, !=3.2.*, !=3.3.*, !=3.4.*"
version = "7.1.1"

[[package]]
category = "main"
description = "Cross-platform colored terminal text."
marker = "sys_platform == \"win32\""
name = "colorama"
optional = false
python-versions = ">=2.7, !=3.0.*, !=3.1.*, !=3.2.*, !=3.3.*, !=3.4.*"
version = "0.4.3"

[[package]]
category = "main"
description = "CoNLL-U Parser parses a CoNLL-U formatted string into a nested python dictionary"
name = "conllu"
optional = false
python-versions = "*"
version = "2.3.2"

[[package]]
category = "main"
description = "Manage calls to calloc/free through Cython"
name = "cymem"
optional = false
python-versions = "*"
version = "2.0.3"

[[package]]
category = "main"
description = "A backport of the dataclasses module for Python 3.6"
marker = "python_version < \"3.7\""
name = "dataclasses"
optional = false
python-versions = "*"
version = "0.6"

[[package]]
category = "main"
description = "Docutils -- Python Documentation Utilities"
name = "docutils"
optional = false
python-versions = ">=2.6, !=3.0.*, !=3.1.*, !=3.2.*"
version = "0.15.2"

[[package]]
category = "main"
description = "A platform independent file lock."
name = "filelock"
optional = false
python-versions = "*"
version = "3.0.12"

[[package]]
category = "main"
description = "Plugin for nose or pytest that automatically reruns flaky tests."
name = "flaky"
optional = false
python-versions = ">=2.7, !=3.0.*, !=3.1.*, !=3.2.*, !=3.3.*"
version = "3.6.1"

[[package]]
category = "main"
description = "Read and write HDF5 files from Python"
name = "h5py"
optional = false
python-versions = "*"
version = "2.10.0"

[package.dependencies]
numpy = ">=1.7"
six = "*"

[[package]]
category = "main"
description = "Internationalized Domain Names in Applications (IDNA)"
name = "idna"
optional = false
python-versions = ">=2.7, !=3.0.*, !=3.1.*, !=3.2.*, !=3.3.*"
version = "2.9"

[[package]]
category = "main"
description = "Read metadata from Python packages"
name = "importlib-metadata"
optional = false
python-versions = "!=3.0.*,!=3.1.*,!=3.2.*,!=3.3.*,!=3.4.*,>=2.7"
version = "1.6.0"

[package.dependencies]
zipp = ">=0.5"

[[package]]
category = "main"
description = "JSON Matching Expressions"
name = "jmespath"
optional = false
python-versions = "*"
version = "0.9.5"

[[package]]
category = "main"
description = "Lightweight pipelining: using Python functions as pipeline jobs."
name = "joblib"
optional = false
python-versions = "*"
version = "0.14.1"

[[package]]
category = "main"
description = "Python bindings for Jsonnet - The data templating language"
marker = "sys_platform != \"win32\""
name = "jsonnet"
optional = false
python-versions = "*"
version = "0.15.0"

[[package]]
category = "main"
description = "Python library for serializing any arbitrary object graph into JSON"
name = "jsonpickle"
optional = false
python-versions = ">=2.7"
version = "1.4.1"

[package.dependencies]
importlib-metadata = "*"

[[package]]
category = "main"
description = "More routines for operating on iterables, beyond itertools"
name = "more-itertools"
optional = false
python-versions = ">=3.5"
version = "8.2.0"

[[package]]
category = "main"
description = "Cython bindings for MurmurHash"
name = "murmurhash"
optional = false
python-versions = "*"
version = "1.0.2"

[[package]]
category = "main"
description = "Natural Language Toolkit"
name = "nltk"
optional = false
python-versions = "*"
version = "3.5"

[package.dependencies]
click = "*"
joblib = "*"
regex = "*"
tqdm = "*"

[[package]]
category = "main"
description = "NumPy is the fundamental package for array computing with Python."
name = "numpy"
optional = false
python-versions = ">=3.5"
version = "1.18.3"

[[package]]
category = "main"
description = "A decorator to automatically detect mismatch when overriding a method."
name = "overrides"
optional = false
python-versions = "*"
version = "2.8.0"

[[package]]
category = "main"
description = "Core utilities for Python packages"
name = "packaging"
optional = false
python-versions = ">=2.7, !=3.0.*, !=3.1.*, !=3.2.*, !=3.3.*"
version = "20.3"

[package.dependencies]
pyparsing = ">=2.0.2"
six = "*"

[[package]]
category = "main"
description = "The smartest command line arguments parser in the world"
name = "plac"
optional = false
python-versions = "*"
version = "1.1.3"

[[package]]
category = "main"
description = "plugin and hook calling mechanisms for python"
name = "pluggy"
optional = false
python-versions = ">=2.7, !=3.0.*, !=3.1.*, !=3.2.*, !=3.3.*"
version = "0.13.1"

[package.dependencies]
[package.dependencies.importlib-metadata]
python = "<3.8"
version = ">=0.12"

[[package]]
category = "main"
description = "Cython hash table that trusts the keys are pre-hashed"
name = "preshed"
optional = false
python-versions = "*"
version = "3.0.2"

[package.dependencies]
cymem = ">=2.0.2,<2.1.0"
murmurhash = ">=0.28.0,<1.1.0"

[[package]]
category = "main"
description = "Protocol Buffers"
name = "protobuf"
optional = false
python-versions = "*"
version = "3.11.3"

[package.dependencies]
setuptools = "*"
six = ">=1.9"

[[package]]
category = "main"
description = "library with cross-python path, ini-parsing, io, code, log facilities"
name = "py"
optional = false
python-versions = ">=2.7, !=3.0.*, !=3.1.*, !=3.2.*, !=3.3.*"
version = "1.8.1"

[[package]]
category = "main"
description = "Full Python implementation of the ROUGE metric, producing same results as in the official perl implementation."
name = "py-rouge"
optional = false
python-versions = "*"
version = "1.1"

[[package]]
category = "main"
description = "Python parsing module"
name = "pyparsing"
optional = false
python-versions = ">=2.6, !=3.0.*, !=3.1.*, !=3.2.*"
version = "2.4.7"

[[package]]
category = "main"
description = "pytest: simple powerful testing with Python"
name = "pytest"
optional = false
python-versions = ">=3.5"
version = "5.4.1"

[package.dependencies]
atomicwrites = ">=1.0"
attrs = ">=17.4.0"
colorama = "*"
more-itertools = ">=4.0.0"
packaging = "*"
pluggy = ">=0.12,<1.0"
py = ">=1.5.0"
wcwidth = "*"

[package.dependencies.importlib-metadata]
python = "<3.8"
version = ">=0.12"

[[package]]
category = "main"
description = "Extensions to the standard Python datetime module"
name = "python-dateutil"
optional = false
python-versions = "!=3.0.*,!=3.1.*,!=3.2.*,>=2.7"
version = "2.8.1"

[package.dependencies]
six = ">=1.5"

[[package]]
category = "main"
description = "Python extension for computing string edit distances and similarities."
name = "python-levenshtein"
optional = false
python-versions = "*"
version = "0.12.0"

[package.dependencies]
setuptools = "*"

[[package]]
category = "main"
description = "Alternative regular expression module, to replace re."
name = "regex"
optional = false
python-versions = "*"
version = "2020.4.4"

[[package]]
category = "main"
description = "Python HTTP for Humans."
name = "requests"
optional = false
python-versions = ">=2.7, !=3.0.*, !=3.1.*, !=3.2.*, !=3.3.*, !=3.4.*"
version = "2.23.0"

[package.dependencies]
certifi = ">=2017.4.17"
chardet = ">=3.0.2,<4"
idna = ">=2.5,<3"
urllib3 = ">=1.21.1,<1.25.0 || >1.25.0,<1.25.1 || >1.25.1,<1.26"

[[package]]
category = "main"
description = "A utility library for mocking out the `requests` Python library."
name = "responses"
optional = false
python-versions = ">=2.7, !=3.0.*, !=3.1.*, !=3.2.*, !=3.3.*"
version = "0.10.14"

[package.dependencies]
requests = ">=2.0"
six = "*"

[[package]]
category = "main"
description = "An Amazon S3 Transfer Manager"
name = "s3transfer"
optional = false
python-versions = "*"
version = "0.3.3"

[package.dependencies]
botocore = ">=1.12.36,<2.0a.0"

[[package]]
category = "main"
description = "SacreMoses"
name = "sacremoses"
optional = false
python-versions = "*"
version = "0.0.41"

[package.dependencies]
click = "*"
joblib = "*"
regex = "*"
six = "*"
tqdm = "*"

[[package]]
category = "main"
description = "A set of python modules for machine learning and data mining"
name = "scikit-learn"
optional = false
python-versions = ">=3.5"
version = "0.22.2.post1"

[package.dependencies]
joblib = ">=0.11"
numpy = ">=1.11.0"
scipy = ">=0.17.0"

[[package]]
category = "main"
description = "SciPy: Scientific Library for Python"
name = "scipy"
optional = false
python-versions = ">=3.5"
version = "1.4.1"

[package.dependencies]
numpy = ">=1.13.3"

[[package]]
category = "main"
description = "A library implementing the 'SemVer' scheme."
name = "semantic-version"
optional = false
python-versions = ">=2.7, !=3.0.*, !=3.1.*, !=3.2.*, !=3.3.*"
version = "2.8.4"

[[package]]
category = "main"
description = "SentencePiece python wrapper"
name = "sentencepiece"
optional = false
python-versions = "*"
version = "0.1.86"

[[package]]
category = "main"
description = "Python 2 and 3 compatibility utilities"
name = "six"
optional = false
python-versions = ">=2.7, !=3.0.*, !=3.1.*, !=3.2.*"
version = "1.14.0"

[[package]]
category = "main"
description = "Industrial-strength Natural Language Processing (NLP) in Python"
name = "spacy"
optional = false
python-versions = "!=3.0.*,!=3.1.*,!=3.2.*,!=3.3.*,>=2.7"
version = "2.2.4"

[package.dependencies]
blis = ">=0.4.0,<0.5.0"
catalogue = ">=0.0.7,<1.1.0"
cymem = ">=2.0.2,<2.1.0"
murmurhash = ">=0.28.0,<1.1.0"
numpy = ">=1.15.0"
plac = ">=0.9.6,<1.2.0"
preshed = ">=3.0.2,<3.1.0"
requests = ">=2.13.0,<3.0.0"
setuptools = "*"
srsly = ">=1.0.2,<1.1.0"
thinc = "7.4.0"
tqdm = ">=4.38.0,<5.0.0"
wasabi = ">=0.4.0,<1.1.0"

[[package]]
category = "main"
description = "Modern high-performance serialization utilities for Python"
name = "srsly"
optional = false
python-versions = "*"
version = "1.0.2"

[[package]]
category = "main"
description = "TensorBoardX lets you watch Tensors Flow without Tensorflow"
name = "tensorboardx"
optional = false
python-versions = "*"
version = "2.0"

[package.dependencies]
numpy = "*"
protobuf = ">=3.8.0"
six = "*"

[[package]]
category = "main"
description = "Practical Machine Learning for NLP"
name = "thinc"
optional = false
python-versions = "*"
version = "7.4.0"

[package.dependencies]
blis = ">=0.4.0,<0.5.0"
catalogue = ">=0.0.7,<1.1.0"
cymem = ">=2.0.2,<2.1.0"
murmurhash = ">=0.28.0,<1.1.0"
numpy = ">=1.7.0"
plac = ">=0.9.6,<1.2.0"
preshed = ">=1.0.1,<3.1.0"
srsly = ">=0.0.6,<1.1.0"
tqdm = ">=4.10.0,<5.0.0"
wasabi = ">=0.0.9,<1.1.0"

[[package]]
category = "main"
description = "Fast and Customizable Tokenizers"
name = "tokenizers"
optional = false
python-versions = "*"
version = "0.5.2"

[[package]]
category = "main"
description = "Tensors and Dynamic neural networks in Python with strong GPU acceleration"
name = "torch"
optional = false
python-versions = ">=2.7, !=3.0.*, !=3.1.*, !=3.2.*, !=3.3.*, !=3.4.*"
version = "1.4.0"

[[package]]
category = "main"
description = "Fast, Extensible Progress Meter"
name = "tqdm"
optional = false
python-versions = ">=2.6, !=3.0.*, !=3.1.*"
version = "4.45.0"

[[package]]
category = "main"
description = "State-of-the-art Natural Language Processing for TensorFlow 2.0 and PyTorch"
name = "transformers"
optional = false
python-versions = ">=3.6.0"
version = "2.8.0"

[package.dependencies]
boto3 = "*"
filelock = "*"
numpy = "*"
regex = "!=2019.12.17"
requests = "*"
sacremoses = "*"
sentencepiece = "*"
tokenizers = "0.5.2"
tqdm = ">=4.27"

[package.dependencies.dataclasses]
python = "<3.7"
version = "*"

[[package]]
category = "main"
description = "HTTP library with thread-safe connection pooling, file post, and more."
name = "urllib3"
optional = false
python-versions = ">=2.7, !=3.0.*, !=3.1.*, !=3.2.*, !=3.3.*, !=3.4.*, <4"
version = "1.25.9"

[[package]]
category = "main"
description = "A lightweight console printing and formatting toolkit"
name = "wasabi"
optional = false
python-versions = "*"
version = "0.6.0"

[[package]]
category = "main"
description = "Measures number of Terminal column cells of wide-character codes"
name = "wcwidth"
optional = false
python-versions = "*"
version = "0.1.9"

[[package]]
category = "main"
description = "Convert number words eg. three hundred and forty two to numbers (342)."
name = "word2number"
optional = false
python-versions = "*"
version = "1.1"

[[package]]
category = "main"
description = "Backport of pathlib-compatible object wrapper for zip files"
name = "zipp"
optional = false
python-versions = ">=3.6"
version = "3.1.0"

[metadata]
content-hash = "2663ab37b98649d694435c677e325c9c6d1058db12ceec69d272335e9dc0254b"
python-versions = "^3.6.1"

[metadata.hashes]
allennlp = ["1fbde18723b9cc2b9a1bf294c51f98ae0d989142908c45a068e051b93292a835", "4dd97ee6ce8bb71db07c6282c44334350b4d56b4d8f45f44365e4fa33c1653c7"]
allennlp-models = []
atomicwrites = ["03472c30eb2c5d1ba9227e4c2ca66ab8287fbfbbda3888aa93dc2e28fc6811b4", "75a9445bac02d8d058d5e1fe689654ba5a6556a1dfd8ce6ec55a0ed79866cfa6"]
attrs = ["08a96c641c3a74e44eb59afb61a24f2cb9f4d7188748e76ba4bb5edfa3cb7d1c", "f7b7ce16570fe9965acd6d30101a28f62fb4a7f9e926b3bbc9b61f8b04247e72"]
blis = ["00473602629ba69fe6565108e21957e918cb48b59f5bf2f6bfb6e04de42500cb", "03c368c9716ca814c436550a5f1e02ccf74850e613602519e3941d212e5aa177", "135450caabc8aea9bb9250329ebdf7189982d9b57d5c92789b2ba2fe52c247a7", "1402d9cbb0fbc21b749dd5b87d7ee14249e74a0ca38be6ecc56b3b356fca2f21", "26b16d6005bb2671699831b5cc699905215d1abde1ec5c1d04de7dcd9eb29f75", "3347a4b1b7d3ae14476aac9a6f7bf8ebf464863f4ebf4aea228874a7694ea240", "38fe877a4b52e762f5e137a412e3c256545a696a12ae8c40d67b8815d2bb5097", "4fb89c47ee06b58a4410a16fd5794847517262c9d2a342643475b477dfeff0a4", "77a6486b9794af01bcdfd1bc6e067c93add4b93292e6f95bf6e5ce7f98bf0163", "856142a11e37fd2c47c5006a3197e157bb8469a491a73d2d442223dd3279df84", "8aeaf6954351593a1e412f80e398aa51df588d3c0de74b9f3323b694c603381b", "9ede123065f3cacb109967755b3d83d4ca0de90643a9058129a6ab2d4051954f", "d1d59faebc1c94f8f4f77154ef4b9d6d40364b111cf8fde48ee3b524c85f1075", "d69257d317e86f34a7f230a2fd1f021fd2a1b944137f40d8cdbb23bd334cd0c4", "ddd732c5274d1082fa92e2c42317587d5ebabce7741ca98120f69bd45d004b99", "f0b0dad4d6268d9dba0a65a9db12dd7a2d8686b648399e4aa1aec7550697e99e"]
boto3 = ["0f01cd63dbfa0d2b789f427f7c1a18cc4067580c6e2b31078d64b3bb6375a6dd", "4f7f11e7489c267f9ea0c6193bfbe20ef1a8dd639d780aea0ac61a769de722e1"]
botocore = ["ae39899dc450570968e3e128d2c8a011e5f8d4f6fd07a7d1f01df10a11ef332d", "b609e2373dccb728b34555af28fd8bd87cc57295cafa32f8a5b8044bb58b9ea8"]
catalogue = ["584d78e7f4c3c6e2fd498eb56dfc8ef1f4ff738480237de2ccd26cbe2cf47172", "d74d1d856c6b36a37bf14aa6dbbc27d0582667b7ab979a6108e61a575e8723f5"]
certifi = ["1d987a998c75633c40847cc966fcf5904906c920a7f17ef374f5aa4282abd304", "51fcb31174be6e6664c5f69e3e1691a2d72a1a12e90f872cbdb1567eb47b6519"]
chardet = ["84ab92ed1c4d4f16916e05906b6b75a6c0fb5db821cc65e70cbd64a3e2a5eaae", "fc323ffcaeaed0e0a02bf4d117757b98aed530d9ed4531e3e15460124c106691"]
click = ["8a18b4ea89d8820c5d0c7da8a64b2c324b4dabb695804dbfea19b9be9d88c0cc", "e345d143d80bf5ee7534056164e5e112ea5e22716bbb1ce727941f4c8b471b9a"]
colorama = ["7d73d2a99753107a36ac6b455ee49046802e59d9d076ef8e47b61499fa29afff", "e96da0d330793e2cb9485e9ddfd918d456036c7149416295932478192f4436a1"]
conllu = ["73721d17e3346d8423704fe75bfe296f0c4a693489e0c650b71f504c2a300dda", "7b3d433d06e50e3814be7af50d26e43151d8e134d7b84f5389d2ecafa2b65ab2"]
cymem = ["5083b2ab5fe13ced094a82e0df465e2dbbd9b1c013288888035e24fd6eb4ed01", "622c20a57701d02f01a47e856dea248e112638f28c8249dbe3ed95a9702e3d74", "6f4cb689a9552e9e13dccc89203c8ab09f210a7ffb92ce27c384a4a0be27b527", "719f04a11ca709fc2b47868070d79fccff77e5d502ff32de2f4baa73cb16166f", "7236252bed70f37b898933dcf8aa875d0829664a245a272516f27b30439df71c", "7f5ddceb12b73f7fd2e4398266401b6f887003740ccd18c989a2af04500b5f2b", "85b9364e099426bd7f445a7705aad87bf6dbb71d79e3802dd8ca14e181d38a33", "c288a1bbdf58c360457443e5297e74844e1961e5e7001dbcb3a5297a41911a11", "cd21ec48ee70878d46c486e2f7ae94b32bfc6b37c4d27876c5a5a00c4eb75c3c", "d7505c500d994f11662e5595f5002251f572acc189f18944619352e2636f5181", "dd24848fbd75b17bab06408da6c029ba7cc615bd9e4a1f755fb3a090025fb922", "f4f19af4bca81f11922508a9dcf30ce1d2aee4972af9f81ce8e5331a6f46f5e1"]
dataclasses = ["454a69d788c7fda44efd71e259be79577822f5e3f53f029a22d08004e951dc9f", "6988bd2b895eef432d562370bb707d540f32f7360ab13da45340101bc2307d84"]
docutils = ["6c4f696463b79f1fb8ba0c594b63840ebd41f059e92b31957c46b74a4599b6d0", "9e4d7ecfc600058e07ba661411a2b7de2fd0fafa17d1a7f7361cd47b1175c827", "a2aeea129088da402665e92e0b25b04b073c04b2dce4ab65caaa38b7ce2e1a99"]
filelock = ["18d82244ee114f543149c66a6e0c14e9c4f8a1044b5cdaadd0f82159d6a6ff59", "929b7d63ec5b7d6b71b0fa5ac14e030b3f70b75747cef1b10da9b879fef15836"]
flaky = ["5471615b32b0f8086573de924475b1f0d31e0e8655a089eb9c38a0fbff3f11aa", "8cd5455bb00c677f787da424eaf8c4a58a922d0e97126d3085db5b279a98b698"]
h5py = ["063947eaed5f271679ed4ffa36bb96f57bc14f44dd4336a827d9a02702e6ce6b", "13c87efa24768a5e24e360a40e0bc4c49bcb7ce1bb13a3a7f9902cec302ccd36", "16ead3c57141101e3296ebeed79c9c143c32bdd0e82a61a2fc67e8e6d493e9d1", "3dad1730b6470fad853ef56d755d06bb916ee68a3d8272b3bab0c1ddf83bb99e", "51ae56894c6c93159086ffa2c94b5b3388c0400548ab26555c143e7cfa05b8e5", "54817b696e87eb9e403e42643305f142cd8b940fe9b3b490bbf98c3b8a894cf4", "549ad124df27c056b2e255ea1c44d30fb7a17d17676d03096ad5cd85edb32dc1", "64f74da4a1dd0d2042e7d04cf8294e04ddad686f8eba9bb79e517ae582f6668d", "6998be619c695910cb0effe5eb15d3a511d3d1a5d217d4bd0bebad1151ec2262", "6ef7ab1089e3ef53ca099038f3c0a94d03e3560e6aff0e9d6c64c55fb13fc681", "769e141512b54dee14ec76ed354fcacfc7d97fea5a7646b709f7400cf1838630", "79b23f47c6524d61f899254f5cd5e486e19868f1823298bc0c29d345c2447172", "7be5754a159236e95bd196419485343e2b5875e806fe68919e087b6351f40a70", "84412798925dc870ffd7107f045d7659e60f5d46d1c70c700375248bf6bf512d", "86868dc07b9cc8cb7627372a2e6636cdc7a53b7e2854ad020c9e9d8a4d3fd0f5", "8bb1d2de101f39743f91512a9750fb6c351c032e5cd3204b4487383e34da7f75", "a5f82cd4938ff8761d9760af3274acf55afc3c91c649c50ab18fcff5510a14a5", "aac4b57097ac29089f179bbc2a6e14102dd210618e94d77ee4831c65f82f17c0", "bffbc48331b4a801d2f4b7dac8a72609f0b10e6e516e5c480a3e3241e091c878", "c0d4b04bbf96c47b6d360cd06939e72def512b20a18a8547fa4af810258355d5", "c54a2c0dd4957776ace7f95879d81582298c5daf89e77fb8bee7378f132951de", "cbf28ae4b5af0f05aa6e7551cee304f1d317dbed1eb7ac1d827cee2f1ef97a99", "d35f7a3a6cefec82bfdad2785e78359a0e6a5fbb3f605dd5623ce88082ccd681", "d3c59549f90a891691991c17f8e58c8544060fdf3ccdea267100fa5f561ff62f", "d7ae7a0576b06cb8e8a1c265a8bc4b73d05fdee6429bffc9a26a6eb531e79d72", "ecf4d0b56ee394a0984de15bceeb97cbe1fe485f1ac205121293fc44dcf3f31f", "f0e25bb91e7a02efccb50aba6591d3fe2c725479e34769802fcdd4076abfa917", "f23951a53d18398ef1344c186fb04b26163ca6ce449ebd23404b153fd111ded9", "ff7d241f866b718e4584fa95f520cb19405220c501bd3a53ee11871ba5166ea2"]
idna = ["7588d1c14ae4c77d74036e8c22ff447b26d0fde8f007354fd48a7814db15b7cb", "a068a21ceac8a4d63dbfd964670474107f541babbd2250d61922f029858365fa"]
importlib-metadata = ["2a688cbaa90e0cc587f1df48bdc97a6eadccdcd9c35fb3f976a09e3b5016d90f", "34513a8a0c4962bc66d35b359558fd8a5e10cd472d37aec5f66858addef32c1e"]
jmespath = ["695cb76fa78a10663425d5b73ddc5714eb711157e52704d69be03b1a02ba4fec", "cca55c8d153173e21baa59983015ad0daf603f9cb799904ff057bfb8ff8dc2d9"]
joblib = ["0630eea4f5664c463f23fbf5dcfc54a2bc6168902719fa8e19daf033022786c8", "bdb4fd9b72915ffb49fde2229ce482dd7ae79d842ed8c2b4c932441495af1403"]
jsonnet = ["e8fcf1049df374c0e81ed13288bdc6d826fd381e7fc2671b0946f4964b06f915"]
jsonpickle = ["8919c166bac0574e3d74425c7559434062002d9dfc0ac2afa6dc746ba4a19439", "e8d4b7cd0bd6826001a74377df1079a76ad8bae0f909282de2554164c837c8ba"]
more-itertools = ["5dd8bcf33e5f9513ffa06d5ad33d78f31e1931ac9a18f33d37e77a180d393a7c", "b1ddb932186d8a6ac451e1d95844b382f55e12686d51ca0c68b6f61f2ab7a507"]
murmurhash = ["27b908fe4bdb426f4e4e4a8821acbe0302915b2945e035ec9d8ca513e2a74b1f", "33405103fa8cde15d72ee525a03d5cfe2c7e4901133819754810986e29627d68", "386a9eed3cb27cb2cd4394b6521275ba04552642c2d9cab5c9fb42aa5a3325c0", "3af36a0dc9f13f6892d9b8b39a6a3ccf216cae5bce38adc7c2d145677987772f", "717196a04cdc80cc3103a3da17b2415a8a5e1d0d578b7079259386bf153b3258", "8a4ed95cd3456b43ea301679c7c39ade43fc18b844b37d0ba0ac0d6acbff8e0c", "8b045a79e8b621b4b35b29f29e33e9e0964f3a276f7da4d5736142f322ad4842", "a6c071b4b498bcea16a8dc8590cad81fa8d43821f34c74bc00f96499e2527073", "b0afe329701b59d02e56bc6cee7325af83e3fee9c299c615fc1df3202b4f886f", "ba766343bdbcb928039b8fff609e80ae7a5fd5ed7a4fc5af822224b63e0cbaff", "bf33490514d308bcc27ed240cb3eb114f1ec31af031535cd8f27659a7049bd52", "c7a646f6b07b033642b4f52ae2e45efd8b80780b3b90e8092a0cec935fbf81e2", "cc97ea766ac545074bab0e5af3dbc48e0d05ba230ae5a404e284d39abe4b3baf", "d696c394ebd164ca80b5871e2e9ad2f9fdbb81bd3c552c1d5f1e8ee694e6204a", "f468e4868f78c3ac202a66abfe2866414bca4ae7666a21ef0938c423de0f7d50", "fe344face8d30a5a6aa26e5acf288aa2a8f0f32e05efdda3d314b4bf289ec2af"]
nltk = ["845365449cd8c5f9731f7cb9f8bd6fd0767553b9d53af9eb1b3abf7700936b35"]
numpy = ["0aa2b318cf81eb1693fcfcbb8007e95e231d7e1aa24288137f3b19905736c3ee", "163c78c04f47f26ca1b21068cea25ed7c5ecafe5f5ab2ea4895656a750582b56", "1e37626bcb8895c4b3873fcfd54e9bfc5ffec8d0f525651d6985fcc5c6b6003c", "264fd15590b3f02a1fbc095e7e1f37cdac698ff3829e12ffdcffdce3772f9d44", "3d9e1554cd9b5999070c467b18e5ae3ebd7369f02706a8850816f576a954295f", "40c24960cd5cec55222963f255858a1c47c6fa50a65a5b03fd7de75e3700eaaa", "46f404314dbec78cb342904f9596f25f9b16e7cf304030f1339e553c8e77f51c", "4847f0c993298b82fad809ea2916d857d0073dc17b0510fbbced663b3265929d", "48e15612a8357393d176638c8f68a19273676877caea983f8baf188bad430379", "6725d2797c65598778409aba8cd67077bb089d5b7d3d87c2719b206dc84ec05e", "99f0ba97e369f02a21bb95faa3a0de55991fd5f0ece2e30a9e2eaebeac238921", "a41f303b3f9157a31ce7203e3ca757a0c40c96669e72d9b6ee1bce8507638970", "a4305564e93f5c4584f6758149fd446df39fd1e0a8c89ca0deb3cce56106a027", "a551d8cc267c634774830086da42e4ba157fa41dd3b93982bc9501b284b0c689", "a6bc9432c2640b008d5f29bad737714eb3e14bb8854878eacf3d7955c4e91c36", "c60175d011a2e551a2f74c84e21e7c982489b96b6a5e4b030ecdeacf2914da68", "e46e2384209c91996d5ec16744234d1c906ab79a701ce1a26155c9ec890b8dc8", "e607b8cdc2ae5d5a63cd1bec30a15b5ed583ac6a39f04b7ba0f03fcfbf29c05b", "e94a39d5c40fffe7696009dbd11bc14a349b377e03a384ed011e03d698787dd3", "eb2286249ebfe8fcb5b425e5ec77e4736d53ee56d3ad296f8947f67150f495e3", "fdee7540d12519865b423af411bd60ddb513d2eb2cd921149b732854995bbf8b"]
overrides = ["2ee4055a686a3ab30621deca01e43562e97825e29b7993e66d73f287d204e868"]
packaging = ["3c292b474fda1671ec57d46d739d072bfd495a4f51ad01a055121d81e952b7a3", "82f77b9bee21c1bafbf35a84905d604d5d1223801d639cf3ed140bd651c08752"]
plac = ["398cb947c60c4c25e275e1f1dadf027e7096858fb260b8ece3b33bcff90d985f", "487e553017d419f35add346c4c09707e52fa53f7e7181ce1098ca27620e9ceee"]
pluggy = ["15b2acde666561e1298d71b523007ed7364de07029219b604cf808bfa1c765b0", "966c145cd83c96502c3c3868f50408687b38434af77734af1e9ca461a4081d2d"]
preshed = ["0c15ae62f2595ca479decc3452967484dae57b510278800f5deb9115238cc818", "190345724eb3f7aeaeb2a758740d698bd6c017c2cdf07c71c16b34820973d114", "1be3cb59211282e906a11443464fe3e19f6561e2fcd06410e4adc6d45354cf82", "1ef72a120e49356058b3c0590d7b5e91f2747b44e006eef6579be6131223cab0", "253970beae87ab672a6afb543908761795eea3cb7b0d784e2ea51e265752059e", "448d9df12e63fe4a3024f6153ee6703bb95d2be0ce887b5eda7ddc41acfba825", "61d73468c97c1d6d5a048de0b01d5a6fd052123358aca4823cdb277e436436cb", "633358f1fb0ec5dd6dbe4971c328d08809e5a8dbefdf13a802ae0a7cb45306c7", "6518bbd5fb8adbc3231e75ae78d96a7bdd5405a3b23a09d5e62a2e4fc833724e", "7e80ffc1fb79496d4feafe0eaf71ee5e532b91daf6cec235d7f9c4c12657a58c", "7ea588a78aaf310ae2c293071a8571b07ae434819be05fe510442b6df3f8fbf7", "88427346b220293439db77c82913791fa13edc6ac73d8159610699a3ca17aae9", "8a9a8222a697a513f25a94733e7a17cc298ecd8fd56b606a1d8fa0ac342c2830", "b4ae6c7c44aa3ff7bd717791bb6b619ecb273b7cb128c986f2dc65f6e0e6ddd4", "e37058d91bd7f0f5a7a9c83d22a83dc581ab5f79688a87be81f200993145a250", "ece5e850f667eaa3367d5c56dda9e3aa6ac1c0bb2117d2f466a26db5f26bbe4b"]
protobuf = ["0bae429443cc4748be2aadfdaf9633297cfaeb24a9a02d0ab15849175ce90fab", "24e3b6ad259544d717902777b33966a1a069208c885576254c112663e6a5bb0f", "2affcaba328c4662f3bc3c0e9576ea107906b2c2b6422344cdad961734ff6b93", "310a7aca6e7f257510d0c750364774034272538d51796ca31d42c3925d12a52a", "52e586072612c1eec18e1174f8e3bb19d08f075fc2e3f91d3b16c919078469d0", "73152776dc75f335c476d11d52ec6f0f6925774802cd48d6189f4d5d7fe753f4", "7774bbbaac81d3ba86de646c39f154afc8156717972bf0450c9dbfa1dc8dbea2", "82d7ac987715d8d1eb4068bf997f3053468e0ce0287e2729c30601feb6602fee", "8eb9c93798b904f141d9de36a0ba9f9b73cc382869e67c9e642c0aba53b0fc07", "adf0e4d57b33881d0c63bb11e7f9038f98ee0c3e334c221f0858f826e8fb0151", "c40973a0aee65422d8cb4e7d7cbded95dfeee0199caab54d5ab25b63bce8135a", "c77c974d1dadf246d789f6dad1c24426137c9091e930dbf50e0a29c1fcf00b1f", "dd9aa4401c36785ea1b6fff0552c674bdd1b641319cb07ed1fe2392388e9b0d7", "e11df1ac6905e81b815ab6fd518e79be0a58b5dc427a2cf7208980f30694b956", "e2f8a75261c26b2f5f3442b0525d50fd79a71aeca04b5ec270fc123536188306", "e512b7f3a4dd780f59f1bf22c302740e27b10b5c97e858a6061772668cd6f961", "ef2c2e56aaf9ee914d3dccc3408d42661aaf7d9bb78eaa8f17b2e6282f214481", "fac513a9dc2a74b99abd2e17109b53945e364649ca03d9f7a0b96aa8d1807d0a", "fdfb6ad138dbbf92b5dbea3576d7c8ba7463173f7d2cb0ca1bd336ec88ddbd80"]
py = ["5e27081401262157467ad6e7f851b7aa402c5852dbcb3dae06768434de5752aa", "c20fdd83a5dbc0af9efd622bee9a5564e278f6380fffcacc43ba6f43db2813b0"]
py-rouge = ["9ae2a859a9edc6d25f3908e48706f7d82d6e78ea18954560c4cb21897dc1d270", "b6caf2f031c45f699a9481c8962b8c33688165a3f2a22e1bfbaede8e073d6bb0"]
pyparsing = ["c203ec8783bf771a155b207279b9bccb8dea02d8f0c9e5f8ead507bc3246ecc1", "ef9d7589ef3c200abe66653d3f1ab1033c3c419ae9b9bdb1240a85b024efc88b"]
pytest = ["0e5b30f5cb04e887b91b1ee519fa3d89049595f428c1db76e73bd7f17b09b172", "84dde37075b8805f3d1f392cc47e38a0e59518fb46a431cfdaf7cf1ce805f970"]
python-dateutil = ["73ebfe9dbf22e832286dafa60473e4cd239f8592f699aa5adaf10050e6e1823c", "75bb3f31ea686f1197762692a9ee6a7550b59fc6ca3a1f4b5d7e32fb98e2da2a"]
python-levenshtein = ["033a11de5e3d19ea25c9302d11224e1a1898fe5abd23c61c7c360c25195e3eb1"]
regex = ["08119f707f0ebf2da60d2f24c2f39ca616277bb67ef6c92b72cbf90cbe3a556b", "0ce9537396d8f556bcfc317c65b6a0705320701e5ce511f05fc04421ba05b8a8", "1cbe0fa0b7f673400eb29e9ef41d4f53638f65f9a2143854de6b1ce2899185c3", "2294f8b70e058a2553cd009df003a20802ef75b3c629506be20687df0908177e", "23069d9c07e115537f37270d1d5faea3e0bdded8279081c4d4d607a2ad393683", "24f4f4062eb16c5bbfff6a22312e8eab92c2c99c51a02e39b4eae54ce8255cd1", "295badf61a51add2d428a46b8580309c520d8b26e769868b922750cf3ce67142", "2a3bf8b48f8e37c3a40bb3f854bf0121c194e69a650b209628d951190b862de3", "4385f12aa289d79419fede43f979e372f527892ac44a541b5446617e4406c468", "5635cd1ed0a12b4c42cce18a8d2fb53ff13ff537f09de5fd791e97de27b6400e", "5bfed051dbff32fd8945eccca70f5e22b55e4148d2a8a45141a3b053d6455ae3", "7e1037073b1b7053ee74c3c6c0ada80f3501ec29d5f46e42669378eae6d4405a", "90742c6ff121a9c5b261b9b215cb476eea97df98ea82037ec8ac95d1be7a034f", "a58dd45cb865be0ce1d5ecc4cfc85cd8c6867bea66733623e54bd95131f473b6", "c087bff162158536387c53647411db09b6ee3f9603c334c90943e97b1052a156", "c162a21e0da33eb3d31a3ac17a51db5e634fc347f650d271f0305d96601dc15b", "c9423a150d3a4fc0f3f2aae897a59919acd293f4cb397429b120a5fcd96ea3db", "ccccdd84912875e34c5ad2d06e1989d890d43af6c2242c6fcfa51556997af6cd", "e91ba11da11cf770f389e47c3f5c30473e6d85e06d7fd9dcba0017d2867aab4a", "ea4adf02d23b437684cd388d557bf76e3afa72f7fed5bbc013482cc00c816948", "fb95debbd1a824b2c4376932f2216cc186912e389bdb0e27147778cf6acb3f89"]
requests = ["43999036bfa82904b6af1d99e4882b560e5e2c68e5c4b0aa03b655f3d7d73fee", "b3f43d496c6daba4493e7c431722aeb7dbc6288f52a6e04e7b6023b0247817e6"]
responses = ["1a78bc010b20a5022a2c0cb76b8ee6dc1e34d887972615ebd725ab9a166a4960", "3d596d0be06151330cb230a2d630717ab20f7a81f205019481e206eb5db79915"]
s3transfer = ["2482b4259524933a022d59da830f51bd746db62f047d6eb213f2f8855dcb8a13", "921a37e2aefc64145e7b73d50c71bb4f26f46e4c9f414dc648c6245ff92cf7db"]
sacremoses = ["964e9e2c06f26932707bbb2a2890263d222a8d43b1867f6b565ef6022d8f7676"]
scikit-learn = ["1bf45e62799b6938357cfce19f72e3751448c4b27010e4f98553da669b5bbd86", "267ad874b54c67b479c3b45eb132ef4a56ab2b27963410624a413a4e2a3fc388", "2d1bb83d6c51a81193d8a6b5f31930e2959c0e1019d49bdd03f54163735dae4b", "349ba3d837fb3f7cb2b91486c43713e4b7de17f9e852f165049b1b7ac2f81478", "3f4d8eea3531d3eaf613fa33f711113dfff6021d57a49c9d319af4afb46f72f0", "4990f0e166292d2a0f0ee528233723bcfd238bfdb3ec2512a9e27f5695362f35", "57538d138ba54407d21e27c306735cbd42a6aae0df6a5a30c7a6edde46b0017d", "5b722e8bb708f254af028dc2da86d23df5371cba57e24f889b672e7b15423caa", "6043e2c4ccfc68328c331b0fc19691be8fb02bd76d694704843a23ad651de902", "672ea38eb59b739a8907ec063642b486bcb5a2073dda5b72b7983eeaf1fd67c1", "73207dca6e70f8f611f28add185cf3a793c8232a1722f21d82259560dc35cd50", "83fc104a799cb340054e485c25dfeee712b36f5638fb374eba45a9db490f16ff", "8416150ab505f1813da02cdbdd9f367b05bfc75cf251235015bb09f8674358a0", "84e759a766c315deb5c85139ff879edbb0aabcddb9358acf499564ed1c21e337", "8ed66ab27b3d68e57bb1f315fc35e595a5c4a1f108c3420943de4d18fc40e615", "a7f8aa93f61aaad080b29a9018db93ded0586692c03ddf2122e47dd1d3a14e1b", "ddd3bf82977908ff69303115dd5697606e669d8a7eafd7d83bb153ef9e11bd5e", "de9933297f8659ee3bb330eafdd80d74cd73d5dab39a9026b65a4156bc479063", "ea91a70a992ada395efc3d510cf011dc2d99dc9037bb38cd1cb00e14745005f5", "eb4c9f0019abb374a2e55150f070a333c8f990b850d1eb4dfc2765fc317ffc7c", "ffce8abfdcd459e72e5b91727b247b401b22253cbd18d251f842a60e26262d6f"]
scipy = ["00af72998a46c25bdb5824d2b729e7dabec0c765f9deb0b504f928591f5ff9d4", "0902a620a381f101e184a958459b36d3ee50f5effd186db76e131cbefcbb96f7", "1e3190466d669d658233e8a583b854f6386dd62d655539b77b3fa25bfb2abb70", "2cce3f9847a1a51019e8c5b47620da93950e58ebc611f13e0d11f4980ca5fecb", "3092857f36b690a321a662fe5496cb816a7f4eecd875e1d36793d92d3f884073", "386086e2972ed2db17cebf88610aab7d7f6e2c0ca30042dc9a89cf18dcc363fa", "71eb180f22c49066f25d6df16f8709f215723317cc951d99e54dc88020ea57be", "770254a280d741dd3436919d47e35712fb081a6ff8bafc0f319382b954b77802", "787cc50cab3020a865640aba3485e9fbd161d4d3b0d03a967df1a2881320512d", "8a07760d5c7f3a92e440ad3aedcc98891e915ce857664282ae3c0220f3301eb6", "8d3bc3993b8e4be7eade6dcc6fd59a412d96d3a33fa42b0fa45dc9e24495ede9", "9508a7c628a165c2c835f2497837bf6ac80eb25291055f56c129df3c943cbaf8", "a144811318853a23d32a07bc7fd5561ff0cac5da643d96ed94a4ffe967d89672", "a1aae70d52d0b074d8121333bc807a485f9f1e6a69742010b33780df2e60cfe0", "a2d6df9eb074af7f08866598e4ef068a2b310d98f87dc23bd1b90ec7bdcec802", "bb517872058a1f087c4528e7429b4a44533a902644987e7b2fe35ecc223bc408", "c5cac0c0387272ee0e789e94a570ac51deb01c796b37fb2aad1fb13f85e2f97d", "cc971a82ea1170e677443108703a2ec9ff0f70752258d0e9f5433d00dda01f59", "dba8306f6da99e37ea08c08fef6e274b5bf8567bb094d1dbe86a20e532aca088", "dc60bb302f48acf6da8ca4444cfa17d52c63c5415302a9ee77b3b21618090521", "dee1bbf3a6c8f73b6b218cb28eed8dd13347ea2f87d572ce19b289d6fd3fbc59"]
semantic-version = ["352459f640f3db86551d8054d1288608b29a96e880c7746f0a59c92879d412a3", "4eedff095ecdd7790a9e6d7130d49250209e0c7bf6741423c4a4017d9bac4c04"]
sentencepiece = ["062e304c8e65103c83796d27edbfc7fbe2fdd988aba8c999a62c069cbb96b5e5", "128b5fc22b8da39096577927b9737a3d48f237eb9fcc45b5350da901980638f3", "179439b9490e0f8e8dd6b18746b7af1ccd890d7eb4ed19a5f7dca0e6e7d973a4", "1c3bafabee08cd40178090508d3af89668e643acaddcec56cf076f3e4932dfd3", "212ac571d3d9155783437af749df872e156811cacda3760e8a0664f2b2a3e980", "2cb1744e7b497c23c4fc233fee781723fcce4de906ea564b68d67bfb60ed29e4", "465292e83116025d6b86438b140c572469c53cd5e62b8917abc3bda57d0c7f61", "564059fc856dc871950b10332f4dab16a58bd3d1b6cf26796ea9bc70f1644476", "58c2dd23128e017023808ce08cb65a9cb2f16abf5b9b4f0d581d4b244b4c3d2f", "5beedea9fd34244b9e0277d70846dab22ae2294c14f59e9f5977894a32854772", "5fe33f4d9ecf78fe78af41688680a5be8ded658ad16ebad62c05738d4e2c6e8d", "681f901f8c351c85379d7924e3fbe6df053180253a675c19eb0370dd974bf7c0", "74c45e26b0c433d3fee28887d3b17b89f075872cc04989b75a84f289c686eb47", "8174361843c3fa27ba63e94afecb1a538d5991f137f9b9981ed8cb0ea1e50371", "842e1b6e227501c9383875ab952fd201cfcbb65682e99526136fc987ba3ec2e7", "861a16aa070e331fbdfc54d3fb451e3472f532008c1ae303359216860b2e9e24", "91ae6e0083be525e2a2c2c18579125c39d5ae3d7678b7171676ae059ee0b72d2", "97eb1834d5e444a9980e6c5677a4f8245468fdff5fcc4442c43f8e325850d405", "9c97a5c26714cec7bbb9a4c702d9d133c255567e3d2a8580b8fb17ef6a34ff82", "aeaa4fad9a4098831f24d96cb70d387253dcf90f1b1595898264e74e8b5dc742", "ba486f44af20b71d0edb3d5bbb1cda251fdd4f71d0913ef45d658f7383e184df", "bb46b1ac476b1ff4774215dbb65a50cdf6ecb8bb8f535a9e8d32e55e8dcf3ff6", "d8ead88269a00204b63e5fe5fac5c1f1859635e3884c0042f37481bd9b876f8b", "fb48234fa370a35c8449ffd545570bcabdfdc005af8d4e5e066e9ff0a1610821"]
six = ["236bdbdce46e6e6a3d61a337c0f8b763ca1e8717c03b369e87a7ec7ce1319c0a", "8f3cd2e254d8f793e7f3d6d9df77b92252b52637291d0f0da013c76ea2724b6c"]
spacy = ["01202066f75c7f2cfeb9c167c3184b5b0a9d465604b0ca553bd9e788353c5905", "212314be762bd40dfbbeeba1c4742c242e4b6ea3f9340891f0ff282b2e723ed0", "6c1618c05bf65ae4bc94608f2390130ca21112fb3d920d1a03727691e3e7fb1b", "7313b4fa921ed997d9719f99f5a375d672d2f4a908c7750033c4b37d9fa8547a", "877d8e157a708c8b77c0dea61e526632f6d57f27be64087dac22a4581facea68", "c5e6f8155f6b54a8ef89637b3c7d553f0ddb5478c4dd568fde7392efbf8a26c8", "ce3886e9bfb9071d2708d2cd7157ada93ab378bbb38cf079842181cd671fc6f9", "f0f3a67c5841e6e35d62c98f40ebb3d132587d3aba4f4dccac5056c4e90ff5b9", "f75ba238066455f5b5498a987b4e2c84705d92138e02e890e0b0a1d1eb2d9462", "fd740cb1b50cd86c648f64313be4734b0c2a2931d83761f46821061f42d791a3"]
srsly = ["18bad26c34cf5a8853fbf018fd168a7bf2ea7ce661e66476c25dac711cb79c9b", "2179cf1e88c250e89e40227bd5848341011c170079b3d424987d067de6a73f42", "21cfb0e5dea2c4515b5c2daa78402d5782c6425b4f58af40d2e2cb45e4778d8c", "29434753a77481ec6129991f4116f983085cc8005c1ad963261124842e8c05fc", "3f3975e8cb67194d26dd03508469b1303f8b994f30e7782f7eae25fef6dc4aad", "46213d8f094b348a9433c825ac1eba36a21aa25a8bae6f29c2f9f053e15be961", "59258b81d567df207f8a0a33c4b5fa232afccf1d927c8ce3ba5395bfd64c0ed8", "7c553a709fd56a37a07f969e849f55a0aeabaeb7677bebc588a640ab8ec134aa", "95849d84e8929be248a180e672c8ce1ed98b1341263bc983efdf8427465584f1", "b94d8a13c60e3298a9ba12b1b211026e8378c7d087efd7ce46a3f2d8d4678d94", "c8beff52c104a7ffe4a15513a05dc0497998cf83aa1ca39454489994d18c1c07", "d409beb7257208633c974c01f9dc3265562fb6802caee7de21880761ba87c3ed"]
tensorboardx = ["835d85db0aef2c6768f07c35e69a74e3dcb122d6afceaf2b8504d7d16c7209a5", "8e336103a66b1b97a663057cc13d1db4419f7a12f332b8364386dbf8635031d9"]
thinc = ["0522cc8b7a74e1de0902b55e1f141f889a088565f72ea0042a9c0f7f3ce83879", "1375c11ed4f7c7178a5749e17b2f3bb1644c98ecc8874e402aceaeec63df6297", "23b77994be3376cd8efa85adfa1bcf0ffcb4cfd279f48a3ab842570f419334ca", "2aa4cab69067f9dbe4ed7a1d937a4467edcc5f50d43996fba8c645f08ab1f387", "523e9be1bfaa3ed1d03d406ce451b6b4793a9719d5b83d2ea6b3398b96bc58b8", "5ac162b010f21f8fcc3fd10766025fad3ec670f6b2e0a72284912332d1ae292a", "7bb69a8cace8d85a3f65d94176f381c5216df08d79a520b005653d0a23f523a8", "9c40101f3148405cb291be2033758d011d348a5dea5d151811def8d1e466f25a", "a7332e323b76d63e1cfd2e6bc08a5527c5a6a0eba39197c56af8fe6eef62ef69", "d1ee60d44ee840b75c0c0a3ade70908f05f414a65f20082483a5a5bfe82e9497", "ebb81b7ff8f852aae1b9c26dfb629344ab962e221ec87c83b2a7c4aec337477d", "f3c5786238991925694aba81fa305c1f2290a960fe5428a26b6f82134b260ad1"]
tokenizers = ["28551ed0b445e307c30f83ebaa181016f915ee12d2c037df00303128364bbc2b", "3090b03f192b4b8e18d43cae8d3ea8612f38b4d3d314553e0153f0662cac47c5", "3c6a3123253d4150c69a3a5288f994b9384b4df2c8b0ae2be3adb47a2570f390", "3e157fc74fd280183922684d7fc8fb8a22f7a09958132feefbdd4cc5f3d4cded", "423cfe1ee552a75e3a52584c935494e1895e5d2632e07a87d795869162327255", "6b27efdc51a225967e5237ca5c38c1bb7730e9904f666d0346df3a580f62fb54", "7d9752cbc4d8276758b25f52a3ac25df7bbd3b8948df3f753470c9de2aa31ff0", "986d3502c794ffdee17acd18e6b002c9d8c7636a00c81277309202a3ad3fd778", "b5a235f9c71d04d4925df6c4fa13b13f1d03f9b7ac302b89f8120790c4f742bc", "e9fa4c6002478131b58255e5337512f8a5630c0f52b14f6d6905c8ac37b47a72", "eea450fa68c4e7309f6cfd105b77d3f2f8c8c7c90e121abc7399cfbce5c650da", "f131788f76d4ceef2abc25c245b42807efc059753f7f76b32cbc6ead8a4c80f0", "f51f774cf5f1c991490cd7580b411f67e62586e91ee0bfe51a8338850511cced"]
torch = ["271d4d1e44df6ed57c530f8849b028447c62b8a19b8e8740dd9baa56e7f682c1", "30ce089475b287a37d6fbb8d71853e672edaf66699e3dd2eb19be6ce6296732a", "405b9eb40e44037d2525b3ddb5bc4c66b519cd742bff249d4207d23f83e88ea5", "504915c6bc6051ba6a4c2a43c446463dff04411e352f1e26fe13debeae431778", "54d06a0e8ee85e5a437c24f4af9f4196c819294c23ffb5914e177756f55f1829", "6f2fd9eb8c7eaf38a982ab266dbbfba0f29fb643bc74e677d045d6f2595e4692", "8856f334aa9ecb742c1504bd2563d0ffb8dceb97149c8d72a04afa357f667dbc", "8fff03bf7b474c16e4b50da65ea14200cc64553b67b9b2307f9dc7e8c69b9d28", "9a1b1db73d8dcfd94b2eee24b939368742aa85f1217c55b8f5681e76c581e99a", "bb1e87063661414e1149bef2e3a2499ce0b5060290799d7e26bc5578037075ba", "d7b34a78f021935ad727a3bede56a8a8d4fda0b0272314a04c5f6890bbe7bb29"]
tqdm = ["00339634a22c10a7a22476ee946bbde2dbe48d042ded784e4d88e0236eca5d81", "ea9e3fd6bd9a37e8783d75bfc4c1faf3c6813da6bd1c3e776488b41ec683af94"]
transformers = ["2b64cfe0033a47ba664837758cd9750196666ea1306e5c40ad5617353c3dc2fc", "b9f29cdfd39c28f29e0806c321270dea337d6174a7aa60daf9625bf83dbb12ee"]
urllib3 = ["3018294ebefce6572a474f0604c2021e33b3fd8006ecd11d62107a5d2a963527", "88206b0eb87e6d677d424843ac5209e3fb9d0190d0ee169599165ec25e9d9115"]
wasabi = ["b8dd3e963cd693fde1eb6bfbecf51790171aa3534fa299faf35cf269f2fd6063", "da1f100e0025fe1e50fd67fa5b0b05df902187d5c65c86dc110974ab856d1f05"]
wcwidth = ["cafe2186b3c009a04067022ce1dcd79cb38d8d65ee4f4791b8888d6599d1bbe1", "ee73862862a156bf77ff92b09034fc4825dd3af9cf81bc5b360668d425f3c5f1"]
word2number = ["70e27a5d387f67b04c71fbb7621c05930b19bfd26efd6851e6e0f9969dcde7d0"]
zipp = ["aa36550ff0c0b7ef7fa639055d797116ee891440eac1a56f378e2d3179e0320b", "c599e4d75c98f6798c509911d08a22e6c021d074469042177c8c86fb92eefd96"]
